PODS:
  - 1PasswordExtension (1.8.6)
  - Alamofire (4.8.0)
  - AlamofireImage (3.5.2):
    - Alamofire (~> 4.8)
  - AppAuth (1.4.0):
    - AppAuth/Core (= 1.4.0)
    - AppAuth/ExternalUserAgent (= 1.4.0)
  - AppAuth/Core (1.4.0)
  - AppAuth/ExternalUserAgent (1.4.0)
  - CocoaLumberjack (3.5.3):
    - CocoaLumberjack/Core (= 3.5.3)
  - CocoaLumberjack/Core (3.5.3)
  - CocoaLumberjack/Swift (3.5.3):
    - CocoaLumberjack/Core
  - FormatterKit/Resources (1.8.2)
  - FormatterKit/TimeIntervalFormatter (1.8.2):
    - FormatterKit/Resources
  - GoogleSignIn (5.0.2):
    - AppAuth (~> 1.2)
    - GTMAppAuth (~> 1.0)
    - GTMSessionFetcher/Core (~> 1.1)
  - Gridicons (1.0.1)
  - GTMAppAuth (1.0.0):
    - AppAuth/Core (~> 1.0)
    - GTMSessionFetcher (~> 1.1)
  - GTMSessionFetcher (1.4.0):
    - GTMSessionFetcher/Full (= 1.4.0)
  - GTMSessionFetcher/Core (1.4.0)
  - GTMSessionFetcher/Full (1.4.0):
    - GTMSessionFetcher/Core (= 1.4.0)
  - KeychainAccess (3.2.0)
  - lottie-ios (3.1.6)
  - NSObject-SafeExpectations (0.0.4)
  - "NSURL+IDN (0.4)"
  - OHHTTPStubs/Core (8.0.0)
  - OHHTTPStubs/Default (8.0.0):
    - OHHTTPStubs/Core
    - OHHTTPStubs/JSON
    - OHHTTPStubs/NSURLSession
    - OHHTTPStubs/OHPathHelpers
  - OHHTTPStubs/JSON (8.0.0):
    - OHHTTPStubs/Core
  - OHHTTPStubs/NSURLSession (8.0.0):
    - OHHTTPStubs/Core
  - OHHTTPStubs/OHPathHelpers (8.0.0)
  - OHHTTPStubs/Swift (8.0.0):
    - OHHTTPStubs/Default
  - SVProgressHUD (2.2.5)
  - UIDeviceIdentifier (1.5.0)
  - WordPressAuthenticator (1.23.3):
    - 1PasswordExtension (= 1.8.6)
    - Alamofire (= 4.8)
    - CocoaLumberjack (~> 3.5)
    - GoogleSignIn (~> 5.0.2)
    - Gridicons (~> 1.0)
    - lottie-ios (= 3.1.6)
    - "NSURL+IDN (= 0.4)"
    - SVProgressHUD (= 2.2.5)
    - WordPressKit (~> 4.14-beta)
    - WordPressShared (~> 1.11-beta)
    - WordPressUI (~> 1.7.0)
  - WordPressFlux (1.0.0)
  - WordPressKit (4.15.0):
    - Alamofire (~> 4.8.0)
    - CocoaLumberjack (~> 3.4)
    - NSObject-SafeExpectations (= 0.0.4)
    - UIDeviceIdentifier (~> 1)
    - WordPressShared (~> 1.10-beta)
    - wpxmlrpc (= 0.8.5)
  - WordPressShared (1.11.0):
    - CocoaLumberjack (~> 3.4)
    - FormatterKit/TimeIntervalFormatter (= 1.8.2)
  - WordPressUI (1.7.1)
  - WPMediaPicker (1.7.1)
  - wpxmlrpc (0.8.5)

DEPENDENCIES:
  - Alamofire (= 4.8.0)
  - AlamofireImage (= 3.5.2)
  - CocoaLumberjack (= 3.5.3)
  - CocoaLumberjack/Swift (= 3.5.3)
  - KeychainAccess (= 3.2.0)
  - OHHTTPStubs/Swift (= 8.0.0)
  - WordPressAuthenticator (~> 1.23.3)
  - WordPressFlux (= 1.0.0)
  - WordPressKit (~> 4.15.0)
  - WordPressUI (~> 1.7.0)
  - WPMediaPicker (~> 1.7.0)

SPEC REPOS:
  https://github.com/CocoaPods/Specs.git:
    - 1PasswordExtension
    - Alamofire
    - AlamofireImage
    - AppAuth
    - CocoaLumberjack
    - FormatterKit
    - GoogleSignIn
    - Gridicons
    - GTMAppAuth
    - GTMSessionFetcher
    - KeychainAccess
    - lottie-ios
    - NSObject-SafeExpectations
    - "NSURL+IDN"
    - OHHTTPStubs
    - SVProgressHUD
    - UIDeviceIdentifier
    - WordPressAuthenticator
    - WordPressFlux
    - WordPressKit
    - WordPressShared
    - WordPressUI
    - WPMediaPicker
    - wpxmlrpc

SPEC CHECKSUMS:
  1PasswordExtension: f97cc80ae58053c331b2b6dc8843ba7103b33794
  Alamofire: 3ec537f71edc9804815215393ae2b1a8ea33a844
  AlamofireImage: 63cfe3baf1370be6c498149687cf6db3e3b00999
  AppAuth: 31bcec809a638d7bd2f86ea8a52bd45f6e81e7c7
  CocoaLumberjack: 2f44e60eb91c176d471fdba43b9e3eae6a721947
  FormatterKit: 4b8f29acc9b872d5d12a63efb560661e8f2e1b98
  GoogleSignIn: 7137d297ddc022a7e0aa4619c86d72c909fa7213
  Gridicons: 8e19276b20bb15d1fda1d4d0db96d066d170135b
  GTMAppAuth: 4deac854479704f348309e7b66189e604cf5e01e
  GTMSessionFetcher: 6f5c8abbab8a9bce4bb3f057e317728ec6182b10
  KeychainAccess: 3b1bf8a77eb4c6ea1ce9404c292e48f948954c6b
  lottie-ios: 85ce835dd8c53e02509f20729fc7d6a4e6645a0a
  NSObject-SafeExpectations: ab8fe623d36b25aa1f150affa324e40a2f3c0374
  "NSURL+IDN": afc873e639c18138a1589697c3add197fe8679ca
  OHHTTPStubs: 9cbce6364bec557cc3439aa6bb7514670d780881
  SVProgressHUD: 1428aafac632c1f86f62aa4243ec12008d7a51d6
  UIDeviceIdentifier: a79ccdfc940373835a7d8e9fc7541e6bf61b6319
  WordPressAuthenticator: 19a4f2039a764fe380da4ff35f83be582d1e2815
  WordPressFlux: a381542b0a0414ef85fb0b2a0f9dbde78ffe0637
  WordPressKit: c826b111887299024822fee12432ce62accf4d7c
  WordPressShared: b56046080c99d41519d097c970df663fda48e218
  WordPressUI: 9da5d966b8beb091950cd96880db398d7f30e246
  WPMediaPicker: 46ae5807c8f64d30a39c28812ad150837a424ed2
  wpxmlrpc: 6a9bdd6ab9d1b159b384b0df0f3f39de9af4fecf

PODFILE CHECKSUM: eb519e79fa31d5d07aa8ff0b5e2c34dec2a70698

COCOAPODS: 1.8.4
