PODS:
  - 1PasswordExtension (1.8.6)
  - Alamofire (4.8.0)
  - AlamofireImage (3.5.2):
    - Alamofire (~> 4.8)
  - AppAuth (1.4.0):
    - AppAuth/Core (= 1.4.0)
    - AppAuth/ExternalUserAgent (= 1.4.0)
  - AppAuth/Core (1.4.0)
  - AppAuth/ExternalUserAgent (1.4.0)
  - CocoaLumberjack (3.5.3):
    - CocoaLumberjack/Core (= 3.5.3)
  - CocoaLumberjack/Core (3.5.3)
  - CocoaLumberjack/Swift (3.5.3):
    - CocoaLumberjack/Core
  - FormatterKit/Resources (1.8.2)
  - FormatterKit/TimeIntervalFormatter (1.8.2):
    - FormatterKit/Resources
  - GoogleSignIn (5.0.2):
    - AppAuth (~> 1.2)
    - GTMAppAuth (~> 1.0)
    - GTMSessionFetcher/Core (~> 1.1)
  - Gridicons (1.0.2)
  - GTMAppAuth (1.1.0):
    - AppAuth/Core (~> 1.4)
    - GTMSessionFetcher (~> 1.4)
  - GTMSessionFetcher (1.5.0):
    - GTMSessionFetcher/Full (= 1.5.0)
  - GTMSessionFetcher/Core (1.5.0)
  - GTMSessionFetcher/Full (1.5.0):
    - GTMSessionFetcher/Core (= 1.5.0)
  - KeychainAccess (3.2.0)
  - lottie-ios (3.1.6)
  - NSObject-SafeExpectations (0.0.4)
  - "NSURL+IDN (0.4)"
  - OHHTTPStubs/Core (8.0.0)
  - OHHTTPStubs/Default (8.0.0):
    - OHHTTPStubs/Core
    - OHHTTPStubs/JSON
    - OHHTTPStubs/NSURLSession
    - OHHTTPStubs/OHPathHelpers
  - OHHTTPStubs/JSON (8.0.0):
    - OHHTTPStubs/Core
  - OHHTTPStubs/NSURLSession (8.0.0):
    - OHHTTPStubs/Core
  - OHHTTPStubs/OHPathHelpers (8.0.0)
  - OHHTTPStubs/Swift (8.0.0):
    - OHHTTPStubs/Default
  - SVProgressHUD (2.2.5)
  - UIDeviceIdentifier (1.5.0)
  - WordPressAuthenticator (1.31.0-beta.4):
    - 1PasswordExtension (= 1.8.6)
    - Alamofire (= 4.8)
    - CocoaLumberjack (~> 3.5)
    - GoogleSignIn (~> 5.0.2)
    - Gridicons (~> 1.0)
    - lottie-ios (= 3.1.6)
    - "NSURL+IDN (= 0.4)"
    - SVProgressHUD (= 2.2.5)
    - WordPressKit (~> 4.18-beta)
    - WordPressShared (~> 1.12-beta)
    - WordPressUI (~> 1.7.0)
  - WordPressFlux (1.0.0)
  - WordPressKit (4.19.0):
    - Alamofire (~> 4.8.0)
    - CocoaLumberjack (~> 3.4)
    - NSObject-SafeExpectations (= 0.0.4)
    - UIDeviceIdentifier (~> 1)
    - WordPressShared (~> 1.12)
    - wpxmlrpc (~> 0.9.0)
  - WordPressShared (1.12.0):
    - CocoaLumberjack (~> 3.4)
    - FormatterKit/TimeIntervalFormatter (= 1.8.2)
  - WordPressUI (1.7.2)
  - WPMediaPicker (1.7.2)
  - wpxmlrpc (0.9.0)

DEPENDENCIES:
  - Alamofire (= 4.8.0)
  - AlamofireImage (= 3.5.2)
  - CocoaLumberjack (= 3.5.3)
  - CocoaLumberjack/Swift (= 3.5.3)
  - Gridicons (~> 1.0)
  - KeychainAccess (= 3.2.0)
  - OHHTTPStubs/Swift (= 8.0.0)
  - WordPressAuthenticator (~> 1.31.0-beta.4)
  - WordPressFlux (= 1.0.0)
  - WordPressKit (~> 4.19)
  - WordPressUI (~> 1.7.2)
  - WPMediaPicker (~> 1.7.2)

SPEC REPOS:
  https://github.com/CocoaPods/Specs.git:
    - 1PasswordExtension
    - Alamofire
    - AlamofireImage
    - AppAuth
    - CocoaLumberjack
    - FormatterKit
    - GoogleSignIn
    - Gridicons
    - GTMAppAuth
    - GTMSessionFetcher
    - KeychainAccess
    - lottie-ios
    - NSObject-SafeExpectations
    - "NSURL+IDN"
    - OHHTTPStubs
    - SVProgressHUD
    - UIDeviceIdentifier
    - WordPressAuthenticator
    - WordPressFlux
    - WordPressKit
    - WordPressShared
    - WordPressUI
    - WPMediaPicker
    - wpxmlrpc

SPEC CHECKSUMS:
  1PasswordExtension: f97cc80ae58053c331b2b6dc8843ba7103b33794
  Alamofire: 3ec537f71edc9804815215393ae2b1a8ea33a844
  AlamofireImage: 63cfe3baf1370be6c498149687cf6db3e3b00999
  AppAuth: 31bcec809a638d7bd2f86ea8a52bd45f6e81e7c7
  CocoaLumberjack: 2f44e60eb91c176d471fdba43b9e3eae6a721947
  FormatterKit: 4b8f29acc9b872d5d12a63efb560661e8f2e1b98
  GoogleSignIn: 7137d297ddc022a7e0aa4619c86d72c909fa7213
  Gridicons: 7085561c06c2bda3a78f4a14f6590e61c3bfd09a
  GTMAppAuth: 197a8dabfea5d665224aa00d17f164fc2248dab9
  GTMSessionFetcher: b3503b20a988c4e20cc189aa798fd18220133f52
  KeychainAccess: 3b1bf8a77eb4c6ea1ce9404c292e48f948954c6b
  lottie-ios: 85ce835dd8c53e02509f20729fc7d6a4e6645a0a
  NSObject-SafeExpectations: ab8fe623d36b25aa1f150affa324e40a2f3c0374
  "NSURL+IDN": afc873e639c18138a1589697c3add197fe8679ca
  OHHTTPStubs: 9cbce6364bec557cc3439aa6bb7514670d780881
  SVProgressHUD: 1428aafac632c1f86f62aa4243ec12008d7a51d6
  UIDeviceIdentifier: a79ccdfc940373835a7d8e9fc7541e6bf61b6319
  WordPressAuthenticator: 3bc0d09d1617e540c6475cceac62ed6c3755cf22
  WordPressFlux: a381542b0a0414ef85fb0b2a0f9dbde78ffe0637
  WordPressKit: bbd17cd14a7f68080bdeb350c3780a40c29fd937
  WordPressShared: 38cb62e9cb998d4dc3c1611f17934c6875a6b3e8
  WordPressUI: cb5d0c58f92778b6dffcdcb8234ed8d7a930ce90
  WPMediaPicker: d5ae9a83cd5cc0e4de46bfc1c59120aa86658bc3
  wpxmlrpc: bf55a43a7e710bd2a4fb8c02dfe83b1246f14f13

PODFILE CHECKSUM: 8ac00a67adcbc4aa9d6cb24f66fdadc05bb692e1

COCOAPODS: 1.8.4
