// !$*UTF8*$!
{
	archiveVersion = 1;
	classes = {
	};
	objectVersion = 50;
	objects = {

/* Begin PBXAggregateTarget section */
		E6E1FA7D2216134300119ECE /* GenerateCredentials */ = {
			isa = PBXAggregateTarget;
			buildConfigurationList = E6E1FA7E2216134300119ECE /* Build configuration list for PBXAggregateTarget "GenerateCredentials" */;
			buildPhases = (
				E6E1FA812216134E00119ECE /* ShellScript */,
			);
			dependencies = (
			);
			name = GenerateCredentials;
			productName = GenerateCredentials;
		};
/* End PBXAggregateTarget section */

/* Begin PBXBuildFile section */
		53FA9ACF624D704F1C07D5A9 /* Pods_NewspackTests.framework in Frameworks */ = {isa = PBXBuildFile; fileRef = 14A3A0B3208C917FD7CE794E /* Pods_NewspackTests.framework */; };
		97ACF26498517D8DBBCBDFEE /* Pods_Newspack.framework in Frameworks */ = {isa = PBXBuildFile; fileRef = E66E8A0D2235A15100E8DD88 /* Pods_Newspack.framework */; };
		E602E68022C1588600795CBA /* ApiService.swift in Sources */ = {isa = PBXBuildFile; fileRef = E602E67F22C1588600795CBA /* ApiService.swift */; };
		E602E68322C15EC100795CBA /* RemoteUser.swift in Sources */ = {isa = PBXBuildFile; fileRef = E602E68222C15EC100795CBA /* RemoteUser.swift */; };
		E602E68522C15ECC00795CBA /* RemoteSiteSettings.swift in Sources */ = {isa = PBXBuildFile; fileRef = E602E68422C15ECC00795CBA /* RemoteSiteSettings.swift */; };
		E602E68722C15ED700795CBA /* RemotePost.swift in Sources */ = {isa = PBXBuildFile; fileRef = E602E68622C15ED700795CBA /* RemotePost.swift */; };
		E602E68B22C1632C00795CBA /* UserApiActions.swift in Sources */ = {isa = PBXBuildFile; fileRef = E602E68A22C1632C00795CBA /* UserApiActions.swift */; };
		E602E68D22C1634900795CBA /* SiteApiActions.swift in Sources */ = {isa = PBXBuildFile; fileRef = E602E68C22C1634900795CBA /* SiteApiActions.swift */; };
		E602E68F22C1637800795CBA /* PostApiActions.swift in Sources */ = {isa = PBXBuildFile; fileRef = E602E68E22C1637800795CBA /* PostApiActions.swift */; };
		E602E69222C1666C00795CBA /* AccountAction.swift in Sources */ = {isa = PBXBuildFile; fileRef = E602E69122C1666C00795CBA /* AccountAction.swift */; };
		E602E69422C1669B00795CBA /* AccountCapabilitiesAction.swift in Sources */ = {isa = PBXBuildFile; fileRef = E602E69322C1669B00795CBA /* AccountCapabilitiesAction.swift */; };
		E602E69622C166C700795CBA /* AccountDetailsAction.swift in Sources */ = {isa = PBXBuildFile; fileRef = E602E69522C166C700795CBA /* AccountDetailsAction.swift */; };
		E602E69822C1670800795CBA /* PostAction.swift in Sources */ = {isa = PBXBuildFile; fileRef = E602E69722C1670800795CBA /* PostAction.swift */; };
		E602E69A22C1676500795CBA /* SiteAction.swift in Sources */ = {isa = PBXBuildFile; fileRef = E602E69922C1676500795CBA /* SiteAction.swift */; };
		E602E69F22C1747D00795CBA /* Dictionary+Unwrappers.swift in Sources */ = {isa = PBXBuildFile; fileRef = E602E69E22C1747D00795CBA /* Dictionary+Unwrappers.swift */; };
		E6034B1422529414007DB6DD /* UserAgent.swift in Sources */ = {isa = PBXBuildFile; fileRef = E6034B1322529414007DB6DD /* UserAgent.swift */; };
		E607385D22A9A5C300504EA4 /* SiteStoreTests.swift in Sources */ = {isa = PBXBuildFile; fileRef = E607385C22A9A5C300504EA4 /* SiteStoreTests.swift */; };
		E607385F22A9A5DB00504EA4 /* AccountCapabilitiesStoreTests.swift in Sources */ = {isa = PBXBuildFile; fileRef = E607385E22A9A5DB00504EA4 /* AccountCapabilitiesStoreTests.swift */; };
		E607386122A9A5EF00504EA4 /* AccountDetailsStoreTests.swift in Sources */ = {isa = PBXBuildFile; fileRef = E607386022A9A5EF00504EA4 /* AccountDetailsStoreTests.swift */; };
		E6138FD22211FE86004E5B91 /* AppDelegate.swift in Sources */ = {isa = PBXBuildFile; fileRef = E6138FD12211FE86004E5B91 /* AppDelegate.swift */; };
		E6138FD42211FE86004E5B91 /* InitialViewController.swift in Sources */ = {isa = PBXBuildFile; fileRef = E6138FD32211FE86004E5B91 /* InitialViewController.swift */; };
		E6138FD72211FE86004E5B91 /* Main.storyboard in Resources */ = {isa = PBXBuildFile; fileRef = E6138FD52211FE86004E5B91 /* Main.storyboard */; };
		E6138FDA2211FE86004E5B91 /* Newspack.xcdatamodeld in Sources */ = {isa = PBXBuildFile; fileRef = E6138FD82211FE86004E5B91 /* Newspack.xcdatamodeld */; };
		E6138FDC2211FE88004E5B91 /* Assets.xcassets in Resources */ = {isa = PBXBuildFile; fileRef = E6138FDB2211FE88004E5B91 /* Assets.xcassets */; };
		E6138FDF2211FE88004E5B91 /* LaunchScreen.storyboard in Resources */ = {isa = PBXBuildFile; fileRef = E6138FDD2211FE88004E5B91 /* LaunchScreen.storyboard */; };
		E61A28CF22D53EFD003E214F /* PostServiceRemoteTests.swift in Sources */ = {isa = PBXBuildFile; fileRef = E61A28CE22D53EFD003E214F /* PostServiceRemoteTests.swift */; };
		E61AE63C2237373E00E6A489 /* StoreContainer.swift in Sources */ = {isa = PBXBuildFile; fileRef = E61AE63B2237373E00E6A489 /* StoreContainer.swift */; };
		E61FC603229F2EEE009E1748 /* UserServiceRemoteTests.swift in Sources */ = {isa = PBXBuildFile; fileRef = E61FC602229F2EEE009E1748 /* UserServiceRemoteTests.swift */; };
		E61FC605229F2F10009E1748 /* SiteServiceRemoteTests.swift in Sources */ = {isa = PBXBuildFile; fileRef = E61FC604229F2F10009E1748 /* SiteServiceRemoteTests.swift */; };
		E61FC609229F329A009E1748 /* Loader.swift in Sources */ = {isa = PBXBuildFile; fileRef = E61FC608229F329A009E1748 /* Loader.swift */; };
		E61FC60C229F3361009E1748 /* remote-site-settings.json in Resources */ = {isa = PBXBuildFile; fileRef = E61FC60B229F3361009E1748 /* remote-site-settings.json */; };
		E61FC60E229F3377009E1748 /* remote-user-edit.json in Resources */ = {isa = PBXBuildFile; fileRef = E61FC60D229F3377009E1748 /* remote-user-edit.json */; };
		E61FC610229F33C5009E1748 /* remote-user-view.json in Resources */ = {isa = PBXBuildFile; fileRef = E61FC60F229F33C5009E1748 /* remote-user-view.json */; };
		E623C6F62220516600F9865C /* ApiCredentials.swift in Sources */ = {isa = PBXBuildFile; fileRef = E623C6F52220516600F9865C /* ApiCredentials.swift */; };
		E6241B96224EC8CD00B578F5 /* SessionManager.swift in Sources */ = {isa = PBXBuildFile; fileRef = E6241B95224EC8CD00B578F5 /* SessionManager.swift */; };
		E6257887222F0B2E00DE6F26 /* Photos.framework in Frameworks */ = {isa = PBXBuildFile; fileRef = E6257886222F0B2E00DE6F26 /* Photos.framework */; };
		E6257889222F0B3C00DE6F26 /* AVFoundation.framework in Frameworks */ = {isa = PBXBuildFile; fileRef = E6257888222F0B3C00DE6F26 /* AVFoundation.framework */; };
		E625788B222F0B4C00DE6F26 /* ImageIO.framework in Frameworks */ = {isa = PBXBuildFile; fileRef = E625788A222F0B4B00DE6F26 /* ImageIO.framework */; };
		E62C7C662235E16E000FEB33 /* AccountStore.swift in Sources */ = {isa = PBXBuildFile; fileRef = E62C7C652235E16E000FEB33 /* AccountStore.swift */; };
		E62C7C692235E73F000FEB33 /* AccountStoreTests.swift in Sources */ = {isa = PBXBuildFile; fileRef = E62C7C682235E73F000FEB33 /* AccountStoreTests.swift */; };
		E62C7C6C2235F061000FEB33 /* AuthenticationManagerTests.swift in Sources */ = {isa = PBXBuildFile; fileRef = E62C7C6B2235F061000FEB33 /* AuthenticationManagerTests.swift */; };
		E63CD0AA22A17D7200501C4F /* AccountDetails+CoreDataClass.swift in Sources */ = {isa = PBXBuildFile; fileRef = E63CD0A622A17D7100501C4F /* AccountDetails+CoreDataClass.swift */; };
		E63CD0AB22A17D7200501C4F /* AccountDetails+CoreDataProperties.swift in Sources */ = {isa = PBXBuildFile; fileRef = E63CD0A722A17D7100501C4F /* AccountDetails+CoreDataProperties.swift */; };
		E63CD0AC22A17D7200501C4F /* AccountCapabilities+CoreDataClass.swift in Sources */ = {isa = PBXBuildFile; fileRef = E63CD0A822A17D7100501C4F /* AccountCapabilities+CoreDataClass.swift */; };
		E63CD0AD22A17D7200501C4F /* AccountCapabilities+CoreDataProperties.swift in Sources */ = {isa = PBXBuildFile; fileRef = E63CD0A922A17D7100501C4F /* AccountCapabilities+CoreDataProperties.swift */; };
		E641A66122A71A83008BBD85 /* SiteStore.swift in Sources */ = {isa = PBXBuildFile; fileRef = E641A66022A71A83008BBD85 /* SiteStore.swift */; };
		E641A66322A7584A008BBD85 /* AccountDetailsStore.swift in Sources */ = {isa = PBXBuildFile; fileRef = E641A66222A7584A008BBD85 /* AccountDetailsStore.swift */; };
		E641A66522A75866008BBD85 /* AccountCapabilitiesStore.swift in Sources */ = {isa = PBXBuildFile; fileRef = E641A66422A75866008BBD85 /* AccountCapabilitiesStore.swift */; };
		E64492922252F3A7003B70DF /* Site+CoreDataProperties.swift in Sources */ = {isa = PBXBuildFile; fileRef = E64492902252F3A7003B70DF /* Site+CoreDataProperties.swift */; };
		E64492932252F3A7003B70DF /* Site+CoreDataClass.swift in Sources */ = {isa = PBXBuildFile; fileRef = E64492912252F3A7003B70DF /* Site+CoreDataClass.swift */; };
		E64594A122B448C2003BF6C0 /* PostServiceRemote.swift in Sources */ = {isa = PBXBuildFile; fileRef = E64594A022B448C2003BF6C0 /* PostServiceRemote.swift */; };
		E66B7D4522162754004355D3 /* ApiCredentials.tpl in Resources */ = {isa = PBXBuildFile; fileRef = E66B7D3F22162754004355D3 /* ApiCredentials.tpl */; };
		E66B7D4622162754004355D3 /* InfoPlist.tpl in Resources */ = {isa = PBXBuildFile; fileRef = E66B7D4022162754004355D3 /* InfoPlist.tpl */; };
		E66B7D4822162754004355D3 /* replace_secrets.rb in Resources */ = {isa = PBXBuildFile; fileRef = E66B7D4422162754004355D3 /* replace_secrets.rb */; };
		E66E8A05223596FE00E8DD88 /* CoreDataManagerTests.swift in Sources */ = {isa = PBXBuildFile; fileRef = E66E8A04223596FE00E8DD88 /* CoreDataManagerTests.swift */; };
		E66E8A072235979500E8DD88 /* BaseTest.swift in Sources */ = {isa = PBXBuildFile; fileRef = E66E8A062235979500E8DD88 /* BaseTest.swift */; };
		E66E8A1A2235C57800E8DD88 /* Account+CoreDataClass.swift in Sources */ = {isa = PBXBuildFile; fileRef = E66E8A182235C57800E8DD88 /* Account+CoreDataClass.swift */; };
		E66E8A1B2235C57800E8DD88 /* Account+CoreDataProperties.swift in Sources */ = {isa = PBXBuildFile; fileRef = E66E8A192235C57800E8DD88 /* Account+CoreDataProperties.swift */; };
		E66E8A1D2235CAC000E8DD88 /* AuthenticationManager.swift in Sources */ = {isa = PBXBuildFile; fileRef = E66E8A1C2235CAC000E8DD88 /* AuthenticationManager.swift */; };
		E6710A1722CE9F040036156E /* FadeTransitionController.swift in Sources */ = {isa = PBXBuildFile; fileRef = E6710A1622CE9F040036156E /* FadeTransitionController.swift */; };
		E67F56D52230914800BFD38B /* CoreDataManager.swift in Sources */ = {isa = PBXBuildFile; fileRef = E67F56D42230914800BFD38B /* CoreDataManager.swift */; };
		E6871F1922C3FD8A008D3D46 /* SiteMenuViewController.swift in Sources */ = {isa = PBXBuildFile; fileRef = E6871F1822C3FD8A008D3D46 /* SiteMenuViewController.swift */; };
		E6871F1B22C3FDE7008D3D46 /* PostListViewController.swift in Sources */ = {isa = PBXBuildFile; fileRef = E6871F1A22C3FDE7008D3D46 /* PostListViewController.swift */; };
		E69E59F922540D0900899DE2 /* SiteServiceRemote.swift in Sources */ = {isa = PBXBuildFile; fileRef = E69E59F822540D0900899DE2 /* SiteServiceRemote.swift */; };
		E69E59FB22540D5000899DE2 /* ServiceRemoteCoreRest.swift in Sources */ = {isa = PBXBuildFile; fileRef = E69E59FA22540D5000899DE2 /* ServiceRemoteCoreRest.swift */; };
		E69E59FD22541ABD00899DE2 /* WordPressCoreRestApi.swift in Sources */ = {isa = PBXBuildFile; fileRef = E69E59FC22541ABD00899DE2 /* WordPressCoreRestApi.swift */; };
		E69EB27E22BAE2E2004A92FA /* CoreRestApiTests.swift in Sources */ = {isa = PBXBuildFile; fileRef = E69EB27D22BAE2E2004A92FA /* CoreRestApiTests.swift */; };
		E6A7C06D2257A42400CC2191 /* UserServiceRemote.swift in Sources */ = {isa = PBXBuildFile; fileRef = E6A7C06C2257A42400CC2191 /* UserServiceRemote.swift */; };
		E6B4034D22D8E12500A0DDCA /* remote-posts-ids-edit.json in Resources */ = {isa = PBXBuildFile; fileRef = E6B4034B22D8E12400A0DDCA /* remote-posts-ids-edit.json */; };
		E6B4034E22D8E12500A0DDCA /* remote-posts-edit.json in Resources */ = {isa = PBXBuildFile; fileRef = E6B4034C22D8E12400A0DDCA /* remote-posts-edit.json */; };
		E6CE56AF22B19001004895E5 /* ModelFactory.swift in Sources */ = {isa = PBXBuildFile; fileRef = E6CE56AE22B19001004895E5 /* ModelFactory.swift */; };
		E6E1834D22D6D44D009C2D0A /* remote-post-edit.json in Resources */ = {isa = PBXBuildFile; fileRef = E6E1834B22D6D44C009C2D0A /* remote-post-edit.json */; };
		E6E1834E22D6D44D009C2D0A /* remote-post-id-edit.json in Resources */ = {isa = PBXBuildFile; fileRef = E6E1834C22D6D44D009C2D0A /* remote-post-id-edit.json */; };
		E6E1835022D79473009C2D0A /* RemoteTestCase.swift in Sources */ = {isa = PBXBuildFile; fileRef = E6E1834F22D79473009C2D0A /* RemoteTestCase.swift */; };
		E6E60A2622CCFCCB0000B6DE /* Revision+CoreDataProperties.swift in Sources */ = {isa = PBXBuildFile; fileRef = E6E60A2422CCFCCA0000B6DE /* Revision+CoreDataProperties.swift */; };
		E6E60A2722CCFCCB0000B6DE /* Category+CoreDataProperties.swift in Sources */ = {isa = PBXBuildFile; fileRef = E6E60A2322CCFCCA0000B6DE /* Category+CoreDataProperties.swift */; };
		E6E60A2822CCFCCB0000B6DE /* Page+CoreDataProperties.swift in Sources */ = {isa = PBXBuildFile; fileRef = E6E60A1C22CCFCC90000B6DE /* Page+CoreDataProperties.swift */; };
		E6E60A2922CCFCCB0000B6DE /* Status+CoreDataProperties.swift in Sources */ = {isa = PBXBuildFile; fileRef = E6E60A2522CCFCCB0000B6DE /* Status+CoreDataProperties.swift */; };
		E6E60A2B22CCFCCB0000B6DE /* Tag+CoreDataProperties.swift in Sources */ = {isa = PBXBuildFile; fileRef = E6E60A1822CCFCC80000B6DE /* Tag+CoreDataProperties.swift */; };
		E6E60A2C22CCFCCB0000B6DE /* Media+CoreDataClass.swift in Sources */ = {isa = PBXBuildFile; fileRef = E6E60A2022CCFCCA0000B6DE /* Media+CoreDataClass.swift */; };
		E6E60A2D22CCFCCB0000B6DE /* Category+CoreDataClass.swift in Sources */ = {isa = PBXBuildFile; fileRef = E6E60A1A22CCFCC90000B6DE /* Category+CoreDataClass.swift */; };
		E6E60A2E22CCFCCB0000B6DE /* Tag+CoreDataClass.swift in Sources */ = {isa = PBXBuildFile; fileRef = E6E60A1E22CCFCCA0000B6DE /* Tag+CoreDataClass.swift */; };
		E6E60A2F22CCFCCB0000B6DE /* Media+CoreDataProperties.swift in Sources */ = {isa = PBXBuildFile; fileRef = E6E60A1B22CCFCC90000B6DE /* Media+CoreDataProperties.swift */; };
		E6E60A3022CCFCCB0000B6DE /* Revision+CoreDataClass.swift in Sources */ = {isa = PBXBuildFile; fileRef = E6E60A1622CCFCC80000B6DE /* Revision+CoreDataClass.swift */; };
		E6E60A3122CCFCCB0000B6DE /* User+CoreDataClass.swift in Sources */ = {isa = PBXBuildFile; fileRef = E6E60A1F22CCFCCA0000B6DE /* User+CoreDataClass.swift */; };
		E6E60A3222CCFCCB0000B6DE /* Page+CoreDataClass.swift in Sources */ = {isa = PBXBuildFile; fileRef = E6E60A1722CCFCC80000B6DE /* Page+CoreDataClass.swift */; };
		E6E60A3422CCFCCB0000B6DE /* User+CoreDataProperties.swift in Sources */ = {isa = PBXBuildFile; fileRef = E6E60A2122CCFCCA0000B6DE /* User+CoreDataProperties.swift */; };
		E6E60A3522CCFCCB0000B6DE /* Status+CoreDataClass.swift in Sources */ = {isa = PBXBuildFile; fileRef = E6E60A1D22CCFCC90000B6DE /* Status+CoreDataClass.swift */; };
		E6F1C52522C2A48600334003 /* ApiAction.swift in Sources */ = {isa = PBXBuildFile; fileRef = E6F1C52422C2A48600334003 /* ApiAction.swift */; };
		E6FB520022B967910010FDF8 /* Dictionary+KeyPath.swift in Sources */ = {isa = PBXBuildFile; fileRef = E6FB51FF22B967910010FDF8 /* Dictionary+KeyPath.swift */; };
		E6FB520322B9715F0010FDF8 /* Post+CoreDataClass.swift in Sources */ = {isa = PBXBuildFile; fileRef = E6FB520122B9715F0010FDF8 /* Post+CoreDataClass.swift */; };
		E6FB520422B9715F0010FDF8 /* Post+CoreDataProperties.swift in Sources */ = {isa = PBXBuildFile; fileRef = E6FB520222B9715F0010FDF8 /* Post+CoreDataProperties.swift */; };
		E6FB520622B973A60010FDF8 /* PostStore.swift in Sources */ = {isa = PBXBuildFile; fileRef = E6FB520522B973A60010FDF8 /* PostStore.swift */; };
		E6FB520822B9D2A30010FDF8 /* AccountSetupHelper.swift in Sources */ = {isa = PBXBuildFile; fileRef = E6FB520722B9D2A30010FDF8 /* AccountSetupHelper.swift */; };
		EA27D6504B828267DD8A28ED /* Pods_Newspack.framework in Frameworks */ = {isa = PBXBuildFile; fileRef = 8EDB59DB68FD7578F7CF8D30 /* Pods_Newspack.framework */; };
/* End PBXBuildFile section */

/* Begin PBXContainerItemProxy section */
		E6138FE62211FE88004E5B91 /* PBXContainerItemProxy */ = {
			isa = PBXContainerItemProxy;
			containerPortal = E6138FC62211FE86004E5B91 /* Project object */;
			proxyType = 1;
			remoteGlobalIDString = E6138FCD2211FE86004E5B91;
			remoteInfo = Newspack;
		};
		E6E1FA822216152A00119ECE /* PBXContainerItemProxy */ = {
			isa = PBXContainerItemProxy;
			containerPortal = E6138FC62211FE86004E5B91 /* Project object */;
			proxyType = 1;
			remoteGlobalIDString = E6E1FA7D2216134300119ECE;
			remoteInfo = GenerateCredentials;
		};
/* End PBXContainerItemProxy section */

/* Begin PBXCopyFilesBuildPhase section */
		E6E1FA692216123600119ECE /* Embed App Extensions */ = {
			isa = PBXCopyFilesBuildPhase;
			buildActionMask = 2147483647;
			dstPath = "";
			dstSubfolderSpec = 13;
			files = (
			);
			name = "Embed App Extensions";
			runOnlyForDeploymentPostprocessing = 0;
		};
/* End PBXCopyFilesBuildPhase section */

/* Begin PBXFileReference section */
		14A3A0B3208C917FD7CE794E /* Pods_NewspackTests.framework */ = {isa = PBXFileReference; explicitFileType = wrapper.framework; includeInIndex = 0; path = Pods_NewspackTests.framework; sourceTree = BUILT_PRODUCTS_DIR; };
		8EDB59DB68FD7578F7CF8D30 /* Pods_Newspack.framework */ = {isa = PBXFileReference; explicitFileType = wrapper.framework; includeInIndex = 0; path = Pods_Newspack.framework; sourceTree = BUILT_PRODUCTS_DIR; };
		C3C6109B65774AD2159D9E5E /* Pods-Newspack.debug.xcconfig */ = {isa = PBXFileReference; includeInIndex = 1; lastKnownFileType = text.xcconfig; name = "Pods-Newspack.debug.xcconfig"; path = "../Pods/Target Support Files/Pods-Newspack/Pods-Newspack.debug.xcconfig"; sourceTree = "<group>"; };
		D3966851BD08B54434F91358 /* Pods-NewspackTests.release.xcconfig */ = {isa = PBXFileReference; includeInIndex = 1; lastKnownFileType = text.xcconfig; name = "Pods-NewspackTests.release.xcconfig"; path = "../Pods/Target Support Files/Pods-NewspackTests/Pods-NewspackTests.release.xcconfig"; sourceTree = "<group>"; };
		DFC0543D82050B0CDC7390DB /* Pods-Newspack.release.xcconfig */ = {isa = PBXFileReference; includeInIndex = 1; lastKnownFileType = text.xcconfig; name = "Pods-Newspack.release.xcconfig"; path = "../Pods/Target Support Files/Pods-Newspack/Pods-Newspack.release.xcconfig"; sourceTree = "<group>"; };
		E602E67F22C1588600795CBA /* ApiService.swift */ = {isa = PBXFileReference; lastKnownFileType = sourcecode.swift; path = ApiService.swift; sourceTree = "<group>"; };
		E602E68222C15EC100795CBA /* RemoteUser.swift */ = {isa = PBXFileReference; lastKnownFileType = sourcecode.swift; path = RemoteUser.swift; sourceTree = "<group>"; };
		E602E68422C15ECC00795CBA /* RemoteSiteSettings.swift */ = {isa = PBXFileReference; lastKnownFileType = sourcecode.swift; path = RemoteSiteSettings.swift; sourceTree = "<group>"; };
		E602E68622C15ED700795CBA /* RemotePost.swift */ = {isa = PBXFileReference; lastKnownFileType = sourcecode.swift; path = RemotePost.swift; sourceTree = "<group>"; };
		E602E68A22C1632C00795CBA /* UserApiActions.swift */ = {isa = PBXFileReference; lastKnownFileType = sourcecode.swift; path = UserApiActions.swift; sourceTree = "<group>"; };
		E602E68C22C1634900795CBA /* SiteApiActions.swift */ = {isa = PBXFileReference; lastKnownFileType = sourcecode.swift; path = SiteApiActions.swift; sourceTree = "<group>"; };
		E602E68E22C1637800795CBA /* PostApiActions.swift */ = {isa = PBXFileReference; lastKnownFileType = sourcecode.swift; path = PostApiActions.swift; sourceTree = "<group>"; };
		E602E69122C1666C00795CBA /* AccountAction.swift */ = {isa = PBXFileReference; lastKnownFileType = sourcecode.swift; path = AccountAction.swift; sourceTree = "<group>"; };
		E602E69322C1669B00795CBA /* AccountCapabilitiesAction.swift */ = {isa = PBXFileReference; lastKnownFileType = sourcecode.swift; path = AccountCapabilitiesAction.swift; sourceTree = "<group>"; };
		E602E69522C166C700795CBA /* AccountDetailsAction.swift */ = {isa = PBXFileReference; lastKnownFileType = sourcecode.swift; path = AccountDetailsAction.swift; sourceTree = "<group>"; };
		E602E69722C1670800795CBA /* PostAction.swift */ = {isa = PBXFileReference; lastKnownFileType = sourcecode.swift; path = PostAction.swift; sourceTree = "<group>"; };
		E602E69922C1676500795CBA /* SiteAction.swift */ = {isa = PBXFileReference; lastKnownFileType = sourcecode.swift; path = SiteAction.swift; sourceTree = "<group>"; };
		E602E69E22C1747D00795CBA /* Dictionary+Unwrappers.swift */ = {isa = PBXFileReference; lastKnownFileType = sourcecode.swift; path = "Dictionary+Unwrappers.swift"; sourceTree = "<group>"; };
		E6034B1322529414007DB6DD /* UserAgent.swift */ = {isa = PBXFileReference; lastKnownFileType = sourcecode.swift; path = UserAgent.swift; sourceTree = "<group>"; };
		E607385C22A9A5C300504EA4 /* SiteStoreTests.swift */ = {isa = PBXFileReference; lastKnownFileType = sourcecode.swift; path = SiteStoreTests.swift; sourceTree = "<group>"; };
		E607385E22A9A5DB00504EA4 /* AccountCapabilitiesStoreTests.swift */ = {isa = PBXFileReference; lastKnownFileType = sourcecode.swift; path = AccountCapabilitiesStoreTests.swift; sourceTree = "<group>"; };
		E607386022A9A5EF00504EA4 /* AccountDetailsStoreTests.swift */ = {isa = PBXFileReference; lastKnownFileType = sourcecode.swift; path = AccountDetailsStoreTests.swift; sourceTree = "<group>"; };
		E6138FCE2211FE86004E5B91 /* Newspack.app */ = {isa = PBXFileReference; explicitFileType = wrapper.application; includeInIndex = 0; path = Newspack.app; sourceTree = BUILT_PRODUCTS_DIR; };
		E6138FD12211FE86004E5B91 /* AppDelegate.swift */ = {isa = PBXFileReference; lastKnownFileType = sourcecode.swift; path = AppDelegate.swift; sourceTree = "<group>"; };
		E6138FD32211FE86004E5B91 /* InitialViewController.swift */ = {isa = PBXFileReference; lastKnownFileType = sourcecode.swift; path = InitialViewController.swift; sourceTree = "<group>"; };
		E6138FD62211FE86004E5B91 /* Base */ = {isa = PBXFileReference; lastKnownFileType = file.storyboard; name = Base; path = Base.lproj/Main.storyboard; sourceTree = "<group>"; };
		E6138FD92211FE86004E5B91 /* Newspack.xcdatamodel */ = {isa = PBXFileReference; lastKnownFileType = wrapper.xcdatamodel; path = Newspack.xcdatamodel; sourceTree = "<group>"; };
		E6138FDB2211FE88004E5B91 /* Assets.xcassets */ = {isa = PBXFileReference; lastKnownFileType = folder.assetcatalog; path = Assets.xcassets; sourceTree = "<group>"; };
		E6138FDE2211FE88004E5B91 /* Base */ = {isa = PBXFileReference; lastKnownFileType = file.storyboard; name = Base; path = Base.lproj/LaunchScreen.storyboard; sourceTree = "<group>"; };
		E6138FE02211FE88004E5B91 /* Info.plist */ = {isa = PBXFileReference; lastKnownFileType = text.plist.xml; path = Info.plist; sourceTree = "<group>"; };
		E6138FE52211FE88004E5B91 /* NewspackTests.xctest */ = {isa = PBXFileReference; explicitFileType = wrapper.cfbundle; includeInIndex = 0; path = NewspackTests.xctest; sourceTree = BUILT_PRODUCTS_DIR; };
		E6138FEB2211FE88004E5B91 /* Info.plist */ = {isa = PBXFileReference; lastKnownFileType = text.plist.xml; path = Info.plist; sourceTree = "<group>"; };
		E61A28CE22D53EFD003E214F /* PostServiceRemoteTests.swift */ = {isa = PBXFileReference; lastKnownFileType = sourcecode.swift; path = PostServiceRemoteTests.swift; sourceTree = "<group>"; };
		E61AE63B2237373E00E6A489 /* StoreContainer.swift */ = {isa = PBXFileReference; lastKnownFileType = sourcecode.swift; path = StoreContainer.swift; sourceTree = "<group>"; };
		E61FC602229F2EEE009E1748 /* UserServiceRemoteTests.swift */ = {isa = PBXFileReference; lastKnownFileType = sourcecode.swift; path = UserServiceRemoteTests.swift; sourceTree = "<group>"; };
		E61FC604229F2F10009E1748 /* SiteServiceRemoteTests.swift */ = {isa = PBXFileReference; lastKnownFileType = sourcecode.swift; path = SiteServiceRemoteTests.swift; sourceTree = "<group>"; };
		E61FC608229F329A009E1748 /* Loader.swift */ = {isa = PBXFileReference; lastKnownFileType = sourcecode.swift; path = Loader.swift; sourceTree = "<group>"; };
		E61FC60B229F3361009E1748 /* remote-site-settings.json */ = {isa = PBXFileReference; lastKnownFileType = text.json; path = "remote-site-settings.json"; sourceTree = "<group>"; };
		E61FC60D229F3377009E1748 /* remote-user-edit.json */ = {isa = PBXFileReference; lastKnownFileType = text.json; path = "remote-user-edit.json"; sourceTree = "<group>"; };
		E61FC60F229F33C5009E1748 /* remote-user-view.json */ = {isa = PBXFileReference; lastKnownFileType = text.json; path = "remote-user-view.json"; sourceTree = "<group>"; };
		E623C6F42220516600F9865C /* InfoPlist.h */ = {isa = PBXFileReference; fileEncoding = 4; lastKnownFileType = sourcecode.c.h; path = InfoPlist.h; sourceTree = "<group>"; };
		E623C6F52220516600F9865C /* ApiCredentials.swift */ = {isa = PBXFileReference; fileEncoding = 4; lastKnownFileType = sourcecode.swift; path = ApiCredentials.swift; sourceTree = "<group>"; };
		E6241B95224EC8CD00B578F5 /* SessionManager.swift */ = {isa = PBXFileReference; lastKnownFileType = sourcecode.swift; path = SessionManager.swift; sourceTree = "<group>"; };
		E6257886222F0B2E00DE6F26 /* Photos.framework */ = {isa = PBXFileReference; lastKnownFileType = wrapper.framework; name = Photos.framework; path = System/Library/Frameworks/Photos.framework; sourceTree = SDKROOT; };
		E6257888222F0B3C00DE6F26 /* AVFoundation.framework */ = {isa = PBXFileReference; lastKnownFileType = wrapper.framework; name = AVFoundation.framework; path = System/Library/Frameworks/AVFoundation.framework; sourceTree = SDKROOT; };
		E625788A222F0B4B00DE6F26 /* ImageIO.framework */ = {isa = PBXFileReference; lastKnownFileType = wrapper.framework; name = ImageIO.framework; path = System/Library/Frameworks/ImageIO.framework; sourceTree = SDKROOT; };
		E62C7C652235E16E000FEB33 /* AccountStore.swift */ = {isa = PBXFileReference; lastKnownFileType = sourcecode.swift; path = AccountStore.swift; sourceTree = "<group>"; };
		E62C7C682235E73F000FEB33 /* AccountStoreTests.swift */ = {isa = PBXFileReference; lastKnownFileType = sourcecode.swift; path = AccountStoreTests.swift; sourceTree = "<group>"; };
		E62C7C6B2235F061000FEB33 /* AuthenticationManagerTests.swift */ = {isa = PBXFileReference; lastKnownFileType = sourcecode.swift; path = AuthenticationManagerTests.swift; sourceTree = "<group>"; };
		E63CD0A622A17D7100501C4F /* AccountDetails+CoreDataClass.swift */ = {isa = PBXFileReference; fileEncoding = 4; lastKnownFileType = sourcecode.swift; path = "AccountDetails+CoreDataClass.swift"; sourceTree = "<group>"; };
		E63CD0A722A17D7100501C4F /* AccountDetails+CoreDataProperties.swift */ = {isa = PBXFileReference; fileEncoding = 4; lastKnownFileType = sourcecode.swift; path = "AccountDetails+CoreDataProperties.swift"; sourceTree = "<group>"; };
		E63CD0A822A17D7100501C4F /* AccountCapabilities+CoreDataClass.swift */ = {isa = PBXFileReference; fileEncoding = 4; lastKnownFileType = sourcecode.swift; path = "AccountCapabilities+CoreDataClass.swift"; sourceTree = "<group>"; };
		E63CD0A922A17D7100501C4F /* AccountCapabilities+CoreDataProperties.swift */ = {isa = PBXFileReference; fileEncoding = 4; lastKnownFileType = sourcecode.swift; path = "AccountCapabilities+CoreDataProperties.swift"; sourceTree = "<group>"; };
		E641A66022A71A83008BBD85 /* SiteStore.swift */ = {isa = PBXFileReference; lastKnownFileType = sourcecode.swift; path = SiteStore.swift; sourceTree = "<group>"; };
		E641A66222A7584A008BBD85 /* AccountDetailsStore.swift */ = {isa = PBXFileReference; lastKnownFileType = sourcecode.swift; path = AccountDetailsStore.swift; sourceTree = "<group>"; };
		E641A66422A75866008BBD85 /* AccountCapabilitiesStore.swift */ = {isa = PBXFileReference; lastKnownFileType = sourcecode.swift; path = AccountCapabilitiesStore.swift; sourceTree = "<group>"; };
		E64492902252F3A7003B70DF /* Site+CoreDataProperties.swift */ = {isa = PBXFileReference; lastKnownFileType = sourcecode.swift; name = "Site+CoreDataProperties.swift"; path = "/Users/aerych/Sandbox/xcode_ws/automattic/newspack/Newspack/Newspack/Models/Site+CoreDataProperties.swift"; sourceTree = "<absolute>"; };
		E64492912252F3A7003B70DF /* Site+CoreDataClass.swift */ = {isa = PBXFileReference; lastKnownFileType = sourcecode.swift; name = "Site+CoreDataClass.swift"; path = "/Users/aerych/Sandbox/xcode_ws/automattic/newspack/Newspack/Newspack/Models/Site+CoreDataClass.swift"; sourceTree = "<absolute>"; };
		E64594A022B448C2003BF6C0 /* PostServiceRemote.swift */ = {isa = PBXFileReference; lastKnownFileType = sourcecode.swift; path = PostServiceRemote.swift; sourceTree = "<group>"; };
		E66B7D3F22162754004355D3 /* ApiCredentials.tpl */ = {isa = PBXFileReference; fileEncoding = 4; lastKnownFileType = text; path = ApiCredentials.tpl; sourceTree = "<group>"; };
		E66B7D4022162754004355D3 /* InfoPlist.tpl */ = {isa = PBXFileReference; fileEncoding = 4; lastKnownFileType = text; path = InfoPlist.tpl; sourceTree = "<group>"; };
		E66B7D4422162754004355D3 /* replace_secrets.rb */ = {isa = PBXFileReference; fileEncoding = 4; lastKnownFileType = text.script.ruby; path = replace_secrets.rb; sourceTree = "<group>"; };
		E66E8A04223596FE00E8DD88 /* CoreDataManagerTests.swift */ = {isa = PBXFileReference; lastKnownFileType = sourcecode.swift; path = CoreDataManagerTests.swift; sourceTree = "<group>"; };
		E66E8A062235979500E8DD88 /* BaseTest.swift */ = {isa = PBXFileReference; lastKnownFileType = sourcecode.swift; path = BaseTest.swift; sourceTree = "<group>"; };
		E66E8A0822359FE200E8DD88 /* libxml2.tbd */ = {isa = PBXFileReference; lastKnownFileType = "sourcecode.text-based-dylib-definition"; name = libxml2.tbd; path = usr/lib/libxml2.tbd; sourceTree = SDKROOT; };
		E66E8A0B2235A13400E8DD88 /* Aztec.framework */ = {isa = PBXFileReference; explicitFileType = wrapper.framework; path = Aztec.framework; sourceTree = BUILT_PRODUCTS_DIR; };
		E66E8A0D2235A15100E8DD88 /* Pods_Newspack.framework */ = {isa = PBXFileReference; explicitFileType = wrapper.framework; path = Pods_Newspack.framework; sourceTree = BUILT_PRODUCTS_DIR; };
		E66E8A182235C57800E8DD88 /* Account+CoreDataClass.swift */ = {isa = PBXFileReference; lastKnownFileType = sourcecode.swift; path = "Account+CoreDataClass.swift"; sourceTree = "<group>"; };
		E66E8A192235C57800E8DD88 /* Account+CoreDataProperties.swift */ = {isa = PBXFileReference; lastKnownFileType = sourcecode.swift; path = "Account+CoreDataProperties.swift"; sourceTree = "<group>"; };
		E66E8A1C2235CAC000E8DD88 /* AuthenticationManager.swift */ = {isa = PBXFileReference; fileEncoding = 4; lastKnownFileType = sourcecode.swift; path = AuthenticationManager.swift; sourceTree = "<group>"; };
		E6710A1622CE9F040036156E /* FadeTransitionController.swift */ = {isa = PBXFileReference; lastKnownFileType = sourcecode.swift; path = FadeTransitionController.swift; sourceTree = "<group>"; };
		E67F56D42230914800BFD38B /* CoreDataManager.swift */ = {isa = PBXFileReference; lastKnownFileType = sourcecode.swift; name = CoreDataManager.swift; path = Newspack/System/CoreDataManager.swift; sourceTree = SOURCE_ROOT; };
		E6871F1822C3FD8A008D3D46 /* SiteMenuViewController.swift */ = {isa = PBXFileReference; lastKnownFileType = sourcecode.swift; path = SiteMenuViewController.swift; sourceTree = "<group>"; };
		E6871F1A22C3FDE7008D3D46 /* PostListViewController.swift */ = {isa = PBXFileReference; lastKnownFileType = sourcecode.swift; path = PostListViewController.swift; sourceTree = "<group>"; };
		E69E59F822540D0900899DE2 /* SiteServiceRemote.swift */ = {isa = PBXFileReference; lastKnownFileType = sourcecode.swift; path = SiteServiceRemote.swift; sourceTree = "<group>"; };
		E69E59FA22540D5000899DE2 /* ServiceRemoteCoreRest.swift */ = {isa = PBXFileReference; lastKnownFileType = sourcecode.swift; path = ServiceRemoteCoreRest.swift; sourceTree = "<group>"; };
		E69E59FC22541ABD00899DE2 /* WordPressCoreRestApi.swift */ = {isa = PBXFileReference; lastKnownFileType = sourcecode.swift; path = WordPressCoreRestApi.swift; sourceTree = "<group>"; };
		E69EB27D22BAE2E2004A92FA /* CoreRestApiTests.swift */ = {isa = PBXFileReference; lastKnownFileType = sourcecode.swift; path = CoreRestApiTests.swift; sourceTree = "<group>"; };
		E6A7C06C2257A42400CC2191 /* UserServiceRemote.swift */ = {isa = PBXFileReference; lastKnownFileType = sourcecode.swift; path = UserServiceRemote.swift; sourceTree = "<group>"; };
		E6B4034B22D8E12400A0DDCA /* remote-posts-ids-edit.json */ = {isa = PBXFileReference; fileEncoding = 4; lastKnownFileType = text.json; path = "remote-posts-ids-edit.json"; sourceTree = "<group>"; };
		E6B4034C22D8E12400A0DDCA /* remote-posts-edit.json */ = {isa = PBXFileReference; fileEncoding = 4; lastKnownFileType = text.json; path = "remote-posts-edit.json"; sourceTree = "<group>"; };
		E6CE56AE22B19001004895E5 /* ModelFactory.swift */ = {isa = PBXFileReference; lastKnownFileType = sourcecode.swift; path = ModelFactory.swift; sourceTree = "<group>"; };
		E6E1834B22D6D44C009C2D0A /* remote-post-edit.json */ = {isa = PBXFileReference; fileEncoding = 4; lastKnownFileType = text.json; path = "remote-post-edit.json"; sourceTree = "<group>"; };
		E6E1834C22D6D44D009C2D0A /* remote-post-id-edit.json */ = {isa = PBXFileReference; fileEncoding = 4; lastKnownFileType = text.json; path = "remote-post-id-edit.json"; sourceTree = "<group>"; };
		E6E1834F22D79473009C2D0A /* RemoteTestCase.swift */ = {isa = PBXFileReference; lastKnownFileType = sourcecode.swift; path = RemoteTestCase.swift; sourceTree = "<group>"; };
		E6E60A1622CCFCC80000B6DE /* Revision+CoreDataClass.swift */ = {isa = PBXFileReference; lastKnownFileType = sourcecode.swift; name = "Revision+CoreDataClass.swift"; path = "/Users/aerych/Sandbox/xcode_ws/automattic/newspack/Newspack/Newspack/Models/Revision+CoreDataClass.swift"; sourceTree = "<absolute>"; };
		E6E60A1722CCFCC80000B6DE /* Page+CoreDataClass.swift */ = {isa = PBXFileReference; lastKnownFileType = sourcecode.swift; name = "Page+CoreDataClass.swift"; path = "/Users/aerych/Sandbox/xcode_ws/automattic/newspack/Newspack/Newspack/Models/Page+CoreDataClass.swift"; sourceTree = "<absolute>"; };
		E6E60A1822CCFCC80000B6DE /* Tag+CoreDataProperties.swift */ = {isa = PBXFileReference; lastKnownFileType = sourcecode.swift; name = "Tag+CoreDataProperties.swift"; path = "/Users/aerych/Sandbox/xcode_ws/automattic/newspack/Newspack/Newspack/Models/Tag+CoreDataProperties.swift"; sourceTree = "<absolute>"; };
		E6E60A1A22CCFCC90000B6DE /* Category+CoreDataClass.swift */ = {isa = PBXFileReference; lastKnownFileType = sourcecode.swift; name = "Category+CoreDataClass.swift"; path = "/Users/aerych/Sandbox/xcode_ws/automattic/newspack/Newspack/Newspack/Models/Category+CoreDataClass.swift"; sourceTree = "<absolute>"; };
		E6E60A1B22CCFCC90000B6DE /* Media+CoreDataProperties.swift */ = {isa = PBXFileReference; lastKnownFileType = sourcecode.swift; name = "Media+CoreDataProperties.swift"; path = "/Users/aerych/Sandbox/xcode_ws/automattic/newspack/Newspack/Newspack/Models/Media+CoreDataProperties.swift"; sourceTree = "<absolute>"; };
		E6E60A1C22CCFCC90000B6DE /* Page+CoreDataProperties.swift */ = {isa = PBXFileReference; lastKnownFileType = sourcecode.swift; name = "Page+CoreDataProperties.swift"; path = "/Users/aerych/Sandbox/xcode_ws/automattic/newspack/Newspack/Newspack/Models/Page+CoreDataProperties.swift"; sourceTree = "<absolute>"; };
		E6E60A1D22CCFCC90000B6DE /* Status+CoreDataClass.swift */ = {isa = PBXFileReference; lastKnownFileType = sourcecode.swift; name = "Status+CoreDataClass.swift"; path = "/Users/aerych/Sandbox/xcode_ws/automattic/newspack/Newspack/Newspack/Models/Status+CoreDataClass.swift"; sourceTree = "<absolute>"; };
		E6E60A1E22CCFCCA0000B6DE /* Tag+CoreDataClass.swift */ = {isa = PBXFileReference; lastKnownFileType = sourcecode.swift; name = "Tag+CoreDataClass.swift"; path = "/Users/aerych/Sandbox/xcode_ws/automattic/newspack/Newspack/Newspack/Models/Tag+CoreDataClass.swift"; sourceTree = "<absolute>"; };
		E6E60A1F22CCFCCA0000B6DE /* User+CoreDataClass.swift */ = {isa = PBXFileReference; lastKnownFileType = sourcecode.swift; name = "User+CoreDataClass.swift"; path = "/Users/aerych/Sandbox/xcode_ws/automattic/newspack/Newspack/Newspack/Models/User+CoreDataClass.swift"; sourceTree = "<absolute>"; };
		E6E60A2022CCFCCA0000B6DE /* Media+CoreDataClass.swift */ = {isa = PBXFileReference; lastKnownFileType = sourcecode.swift; name = "Media+CoreDataClass.swift"; path = "/Users/aerych/Sandbox/xcode_ws/automattic/newspack/Newspack/Newspack/Models/Media+CoreDataClass.swift"; sourceTree = "<absolute>"; };
		E6E60A2122CCFCCA0000B6DE /* User+CoreDataProperties.swift */ = {isa = PBXFileReference; lastKnownFileType = sourcecode.swift; name = "User+CoreDataProperties.swift"; path = "/Users/aerych/Sandbox/xcode_ws/automattic/newspack/Newspack/Newspack/Models/User+CoreDataProperties.swift"; sourceTree = "<absolute>"; };
		E6E60A2322CCFCCA0000B6DE /* Category+CoreDataProperties.swift */ = {isa = PBXFileReference; lastKnownFileType = sourcecode.swift; name = "Category+CoreDataProperties.swift"; path = "/Users/aerych/Sandbox/xcode_ws/automattic/newspack/Newspack/Newspack/Models/Category+CoreDataProperties.swift"; sourceTree = "<absolute>"; };
		E6E60A2422CCFCCA0000B6DE /* Revision+CoreDataProperties.swift */ = {isa = PBXFileReference; lastKnownFileType = sourcecode.swift; name = "Revision+CoreDataProperties.swift"; path = "/Users/aerych/Sandbox/xcode_ws/automattic/newspack/Newspack/Newspack/Models/Revision+CoreDataProperties.swift"; sourceTree = "<absolute>"; };
		E6E60A2522CCFCCB0000B6DE /* Status+CoreDataProperties.swift */ = {isa = PBXFileReference; lastKnownFileType = sourcecode.swift; name = "Status+CoreDataProperties.swift"; path = "/Users/aerych/Sandbox/xcode_ws/automattic/newspack/Newspack/Newspack/Models/Status+CoreDataProperties.swift"; sourceTree = "<absolute>"; };
		E6F1C52422C2A48600334003 /* ApiAction.swift */ = {isa = PBXFileReference; lastKnownFileType = sourcecode.swift; path = ApiAction.swift; sourceTree = "<group>"; };
		E6FB51FF22B967910010FDF8 /* Dictionary+KeyPath.swift */ = {isa = PBXFileReference; lastKnownFileType = sourcecode.swift; path = "Dictionary+KeyPath.swift"; sourceTree = "<group>"; };
		E6FB520122B9715F0010FDF8 /* Post+CoreDataClass.swift */ = {isa = PBXFileReference; fileEncoding = 4; lastKnownFileType = sourcecode.swift; path = "Post+CoreDataClass.swift"; sourceTree = "<group>"; };
		E6FB520222B9715F0010FDF8 /* Post+CoreDataProperties.swift */ = {isa = PBXFileReference; fileEncoding = 4; lastKnownFileType = sourcecode.swift; path = "Post+CoreDataProperties.swift"; sourceTree = "<group>"; };
		E6FB520522B973A60010FDF8 /* PostStore.swift */ = {isa = PBXFileReference; lastKnownFileType = sourcecode.swift; path = PostStore.swift; sourceTree = "<group>"; };
		E6FB520722B9D2A30010FDF8 /* AccountSetupHelper.swift */ = {isa = PBXFileReference; lastKnownFileType = sourcecode.swift; path = AccountSetupHelper.swift; sourceTree = "<group>"; };
		EDB5819DB11C68775E987AB2 /* Pods-NewspackTests.debug.xcconfig */ = {isa = PBXFileReference; includeInIndex = 1; lastKnownFileType = text.xcconfig; name = "Pods-NewspackTests.debug.xcconfig"; path = "../Pods/Target Support Files/Pods-NewspackTests/Pods-NewspackTests.debug.xcconfig"; sourceTree = "<group>"; };
/* End PBXFileReference section */

/* Begin PBXFrameworksBuildPhase section */
		E6138FCB2211FE86004E5B91 /* Frameworks */ = {
			isa = PBXFrameworksBuildPhase;
			buildActionMask = 2147483647;
			files = (
				E6257889222F0B3C00DE6F26 /* AVFoundation.framework in Frameworks */,
				E625788B222F0B4C00DE6F26 /* ImageIO.framework in Frameworks */,
				E6257887222F0B2E00DE6F26 /* Photos.framework in Frameworks */,
				EA27D6504B828267DD8A28ED /* Pods_Newspack.framework in Frameworks */,
				97ACF26498517D8DBBCBDFEE /* Pods_Newspack.framework in Frameworks */,
			);
			runOnlyForDeploymentPostprocessing = 0;
		};
		E6138FE22211FE88004E5B91 /* Frameworks */ = {
			isa = PBXFrameworksBuildPhase;
			buildActionMask = 2147483647;
			files = (
				53FA9ACF624D704F1C07D5A9 /* Pods_NewspackTests.framework in Frameworks */,
			);
			runOnlyForDeploymentPostprocessing = 0;
		};
/* End PBXFrameworksBuildPhase section */

/* Begin PBXGroup section */
		1F18E0D763EA3C69C7617669 /* Frameworks */ = {
			isa = PBXGroup;
			children = (
				E66E8A0D2235A15100E8DD88 /* Pods_Newspack.framework */,
				E66E8A0B2235A13400E8DD88 /* Aztec.framework */,
				E66E8A0822359FE200E8DD88 /* libxml2.tbd */,
				E625788A222F0B4B00DE6F26 /* ImageIO.framework */,
				E6257888222F0B3C00DE6F26 /* AVFoundation.framework */,
				E6257886222F0B2E00DE6F26 /* Photos.framework */,
				8EDB59DB68FD7578F7CF8D30 /* Pods_Newspack.framework */,
				14A3A0B3208C917FD7CE794E /* Pods_NewspackTests.framework */,
			);
			name = Frameworks;
			sourceTree = "<group>";
		};
		A7CCB681DC7B8B7DAAE80B05 /* Pods */ = {
			isa = PBXGroup;
			children = (
				C3C6109B65774AD2159D9E5E /* Pods-Newspack.debug.xcconfig */,
				DFC0543D82050B0CDC7390DB /* Pods-Newspack.release.xcconfig */,
				EDB5819DB11C68775E987AB2 /* Pods-NewspackTests.debug.xcconfig */,
				D3966851BD08B54434F91358 /* Pods-NewspackTests.release.xcconfig */,
			);
			name = Pods;
			sourceTree = "<group>";
		};
		E602E68122C15EAB00795CBA /* Models */ = {
			isa = PBXGroup;
			children = (
				E602E68222C15EC100795CBA /* RemoteUser.swift */,
				E602E68422C15ECC00795CBA /* RemoteSiteSettings.swift */,
				E602E68622C15ED700795CBA /* RemotePost.swift */,
			);
			path = Models;
			sourceTree = "<group>";
		};
		E602E68822C1615C00795CBA /* Actions */ = {
			isa = PBXGroup;
			children = (
				E6F1C52422C2A48600334003 /* ApiAction.swift */,
				E602E68E22C1637800795CBA /* PostApiActions.swift */,
				E602E68C22C1634900795CBA /* SiteApiActions.swift */,
				E602E68A22C1632C00795CBA /* UserApiActions.swift */,
			);
			path = Actions;
			sourceTree = "<group>";
		};
		E602E68922C1617E00795CBA /* Config */ = {
			isa = PBXGroup;
			children = (
				E69E59FA22540D5000899DE2 /* ServiceRemoteCoreRest.swift */,
				E69E59FC22541ABD00899DE2 /* WordPressCoreRestApi.swift */,
			);
			path = Config;
			sourceTree = "<group>";
		};
		E602E69022C1665500795CBA /* Actions */ = {
			isa = PBXGroup;
			children = (
				E602E69122C1666C00795CBA /* AccountAction.swift */,
				E602E69322C1669B00795CBA /* AccountCapabilitiesAction.swift */,
				E602E69522C166C700795CBA /* AccountDetailsAction.swift */,
				E602E69722C1670800795CBA /* PostAction.swift */,
				E602E69922C1676500795CBA /* SiteAction.swift */,
			);
			path = Actions;
			sourceTree = "<group>";
		};
		E6138FC52211FE86004E5B91 = {
			isa = PBXGroup;
			children = (
				E66B7D3E22162754004355D3 /* Credentials */,
				E623C6F32220516600F9865C /* DerivedSources */,
				E6138FD02211FE86004E5B91 /* Newspack */,
				E6138FE82211FE88004E5B91 /* NewspackTests */,
				E6138FCF2211FE86004E5B91 /* Products */,
				A7CCB681DC7B8B7DAAE80B05 /* Pods */,
				1F18E0D763EA3C69C7617669 /* Frameworks */,
			);
			sourceTree = "<group>";
		};
		E6138FCF2211FE86004E5B91 /* Products */ = {
			isa = PBXGroup;
			children = (
				E6138FCE2211FE86004E5B91 /* Newspack.app */,
				E6138FE52211FE88004E5B91 /* NewspackTests.xctest */,
			);
			name = Products;
			sourceTree = "<group>";
		};
		E6138FD02211FE86004E5B91 /* Newspack */ = {
			isa = PBXGroup;
			children = (
				E6FB51FE22B9677A0010FDF8 /* Extensions */,
				E62C7C632235E0EC000FEB33 /* Stores */,
				E6138FFE22120467004E5B91 /* Controllers */,
				E6138FFA22120371004E5B91 /* Models */,
				E6138FF922120368004E5B91 /* Api */,
				E6138FF822120363004E5B91 /* Authentication */,
				E6138FFC221203B1004E5B91 /* Resources */,
				E6138FFB2212037E004E5B91 /* Storyboards */,
				E6138FF722120346004E5B91 /* System */,
				E6138FFD22120433004E5B91 /* View */,
				E6138FDB2211FE88004E5B91 /* Assets.xcassets */,
			);
			path = Newspack;
			sourceTree = "<group>";
		};
		E6138FE82211FE88004E5B91 /* NewspackTests */ = {
			isa = PBXGroup;
			children = (
				E61FC60A229F330A009E1748 /* TestData */,
				E61FC607229F3280009E1748 /* TestTools */,
				E66E8A122235ABB300E8DD88 /* Base */,
				E66E8A03223596B400E8DD88 /* CoreData */,
				E61FC601229F2E96009E1748 /* Api */,
				E62C7C672235E729000FEB33 /* Stores */,
				E62C7C6A2235F042000FEB33 /* Services */,
				E6138FEB2211FE88004E5B91 /* Info.plist */,
			);
			path = NewspackTests;
			sourceTree = "<group>";
		};
		E6138FF722120346004E5B91 /* System */ = {
			isa = PBXGroup;
			children = (
				E6138FD12211FE86004E5B91 /* AppDelegate.swift */,
				E67F56D42230914800BFD38B /* CoreDataManager.swift */,
				E6241B95224EC8CD00B578F5 /* SessionManager.swift */,
				E6034B1322529414007DB6DD /* UserAgent.swift */,
			);
			path = System;
			sourceTree = "<group>";
		};
		E6138FF822120363004E5B91 /* Authentication */ = {
			isa = PBXGroup;
			children = (
				E6FB520722B9D2A30010FDF8 /* AccountSetupHelper.swift */,
				E66E8A1C2235CAC000E8DD88 /* AuthenticationManager.swift */,
			);
			path = Authentication;
			sourceTree = "<group>";
		};
		E6138FF922120368004E5B91 /* Api */ = {
			isa = PBXGroup;
			children = (
				E602E67F22C1588600795CBA /* ApiService.swift */,
				E602E68922C1617E00795CBA /* Config */,
				E602E68822C1615C00795CBA /* Actions */,
				E602E68122C15EAB00795CBA /* Models */,
				E64594A022B448C2003BF6C0 /* PostServiceRemote.swift */,
				E69E59F822540D0900899DE2 /* SiteServiceRemote.swift */,
				E6A7C06C2257A42400CC2191 /* UserServiceRemote.swift */,
			);
			path = Api;
			sourceTree = "<group>";
		};
		E6138FFA22120371004E5B91 /* Models */ = {
			isa = PBXGroup;
			children = (
				E66E8A182235C57800E8DD88 /* Account+CoreDataClass.swift */,
				E66E8A192235C57800E8DD88 /* Account+CoreDataProperties.swift */,
				E63CD0A822A17D7100501C4F /* AccountCapabilities+CoreDataClass.swift */,
				E63CD0A922A17D7100501C4F /* AccountCapabilities+CoreDataProperties.swift */,
				E63CD0A622A17D7100501C4F /* AccountDetails+CoreDataClass.swift */,
				E63CD0A722A17D7100501C4F /* AccountDetails+CoreDataProperties.swift */,
				E6E60A1A22CCFCC90000B6DE /* Category+CoreDataClass.swift */,
				E6E60A2322CCFCCA0000B6DE /* Category+CoreDataProperties.swift */,
				E6E60A2022CCFCCA0000B6DE /* Media+CoreDataClass.swift */,
				E6E60A1B22CCFCC90000B6DE /* Media+CoreDataProperties.swift */,
				E6E60A1722CCFCC80000B6DE /* Page+CoreDataClass.swift */,
				E6E60A1C22CCFCC90000B6DE /* Page+CoreDataProperties.swift */,
				E6FB520122B9715F0010FDF8 /* Post+CoreDataClass.swift */,
				E6FB520222B9715F0010FDF8 /* Post+CoreDataProperties.swift */,
				E6E60A1622CCFCC80000B6DE /* Revision+CoreDataClass.swift */,
				E6E60A2422CCFCCA0000B6DE /* Revision+CoreDataProperties.swift */,
				E64492912252F3A7003B70DF /* Site+CoreDataClass.swift */,
				E64492902252F3A7003B70DF /* Site+CoreDataProperties.swift */,
				E6E60A1D22CCFCC90000B6DE /* Status+CoreDataClass.swift */,
				E6E60A2522CCFCCB0000B6DE /* Status+CoreDataProperties.swift */,
				E6E60A1E22CCFCCA0000B6DE /* Tag+CoreDataClass.swift */,
				E6E60A1822CCFCC80000B6DE /* Tag+CoreDataProperties.swift */,
				E6E60A1F22CCFCCA0000B6DE /* User+CoreDataClass.swift */,
				E6E60A2122CCFCCA0000B6DE /* User+CoreDataProperties.swift */,
				E6138FD82211FE86004E5B91 /* Newspack.xcdatamodeld */,
			);
			path = Models;
			sourceTree = "<group>";
		};
		E6138FFB2212037E004E5B91 /* Storyboards */ = {
			isa = PBXGroup;
			children = (
				E6138FDD2211FE88004E5B91 /* LaunchScreen.storyboard */,
				E6138FD52211FE86004E5B91 /* Main.storyboard */,
			);
			path = Storyboards;
			sourceTree = "<group>";
		};
		E6138FFC221203B1004E5B91 /* Resources */ = {
			isa = PBXGroup;
			children = (
				E6138FE02211FE88004E5B91 /* Info.plist */,
			);
			path = Resources;
			sourceTree = "<group>";
		};
		E6138FFD22120433004E5B91 /* View */ = {
			isa = PBXGroup;
			children = (
			);
			path = View;
			sourceTree = "<group>";
		};
		E6138FFE22120467004E5B91 /* Controllers */ = {
			isa = PBXGroup;
			children = (
				E6710A1522CE9ED00036156E /* Transitions */,
				E6138FD32211FE86004E5B91 /* InitialViewController.swift */,
				E6871F1822C3FD8A008D3D46 /* SiteMenuViewController.swift */,
				E6871F1A22C3FDE7008D3D46 /* PostListViewController.swift */,
			);
			path = Controllers;
			sourceTree = "<group>";
		};
		E61FC601229F2E96009E1748 /* Api */ = {
			isa = PBXGroup;
			children = (
				E69EB27D22BAE2E2004A92FA /* CoreRestApiTests.swift */,
				E61FC604229F2F10009E1748 /* SiteServiceRemoteTests.swift */,
				E61FC602229F2EEE009E1748 /* UserServiceRemoteTests.swift */,
				E61A28CE22D53EFD003E214F /* PostServiceRemoteTests.swift */,
			);
			path = Api;
			sourceTree = "<group>";
		};
		E61FC607229F3280009E1748 /* TestTools */ = {
			isa = PBXGroup;
			children = (
				E61FC608229F329A009E1748 /* Loader.swift */,
			);
			path = TestTools;
			sourceTree = "<group>";
		};
		E61FC60A229F330A009E1748 /* TestData */ = {
			isa = PBXGroup;
			children = (
				E6B4034C22D8E12400A0DDCA /* remote-posts-edit.json */,
				E6B4034B22D8E12400A0DDCA /* remote-posts-ids-edit.json */,
				E6E1834B22D6D44C009C2D0A /* remote-post-edit.json */,
				E6E1834C22D6D44D009C2D0A /* remote-post-id-edit.json */,
				E61FC60B229F3361009E1748 /* remote-site-settings.json */,
				E61FC60D229F3377009E1748 /* remote-user-edit.json */,
				E61FC60F229F33C5009E1748 /* remote-user-view.json */,
				E6CE56AE22B19001004895E5 /* ModelFactory.swift */,
			);
			path = TestData;
			sourceTree = "<group>";
		};
		E623C6F32220516600F9865C /* DerivedSources */ = {
			isa = PBXGroup;
			children = (
				E623C6F42220516600F9865C /* InfoPlist.h */,
				E623C6F52220516600F9865C /* ApiCredentials.swift */,
			);
			name = DerivedSources;
			path = ../DerivedSources;
			sourceTree = BUILT_PRODUCTS_DIR;
		};
		E62C7C632235E0EC000FEB33 /* Stores */ = {
			isa = PBXGroup;
			children = (
				E602E69022C1665500795CBA /* Actions */,
				E61AE63B2237373E00E6A489 /* StoreContainer.swift */,
				E62C7C652235E16E000FEB33 /* AccountStore.swift */,
				E641A66422A75866008BBD85 /* AccountCapabilitiesStore.swift */,
				E641A66222A7584A008BBD85 /* AccountDetailsStore.swift */,
				E6FB520522B973A60010FDF8 /* PostStore.swift */,
				E641A66022A71A83008BBD85 /* SiteStore.swift */,
			);
			path = Stores;
			sourceTree = "<group>";
		};
		E62C7C672235E729000FEB33 /* Stores */ = {
			isa = PBXGroup;
			children = (
				E62C7C682235E73F000FEB33 /* AccountStoreTests.swift */,
				E607385C22A9A5C300504EA4 /* SiteStoreTests.swift */,
				E607385E22A9A5DB00504EA4 /* AccountCapabilitiesStoreTests.swift */,
				E607386022A9A5EF00504EA4 /* AccountDetailsStoreTests.swift */,
			);
			path = Stores;
			sourceTree = "<group>";
		};
		E62C7C6A2235F042000FEB33 /* Services */ = {
			isa = PBXGroup;
			children = (
				E62C7C6B2235F061000FEB33 /* AuthenticationManagerTests.swift */,
			);
			path = Services;
			sourceTree = "<group>";
		};
		E66B7D3E22162754004355D3 /* Credentials */ = {
			isa = PBXGroup;
			children = (
				E66B7D3F22162754004355D3 /* ApiCredentials.tpl */,
				E66B7D4022162754004355D3 /* InfoPlist.tpl */,
				E66B7D4422162754004355D3 /* replace_secrets.rb */,
			);
			path = Credentials;
			sourceTree = "<group>";
		};
		E66E8A03223596B400E8DD88 /* CoreData */ = {
			isa = PBXGroup;
			children = (
				E66E8A04223596FE00E8DD88 /* CoreDataManagerTests.swift */,
			);
			path = CoreData;
			sourceTree = "<group>";
		};
		E66E8A122235ABB300E8DD88 /* Base */ = {
			isa = PBXGroup;
			children = (
				E66E8A062235979500E8DD88 /* BaseTest.swift */,
				E6E1834F22D79473009C2D0A /* RemoteTestCase.swift */,
			);
			path = Base;
			sourceTree = "<group>";
		};
		E6710A1522CE9ED00036156E /* Transitions */ = {
			isa = PBXGroup;
			children = (
				E6710A1622CE9F040036156E /* FadeTransitionController.swift */,
			);
			path = Transitions;
			sourceTree = "<group>";
		};
		E6FB51FE22B9677A0010FDF8 /* Extensions */ = {
			isa = PBXGroup;
			children = (
				E6FB51FF22B967910010FDF8 /* Dictionary+KeyPath.swift */,
				E602E69E22C1747D00795CBA /* Dictionary+Unwrappers.swift */,
			);
			path = Extensions;
			sourceTree = "<group>";
		};
/* End PBXGroup section */

/* Begin PBXNativeTarget section */
		E6138FCD2211FE86004E5B91 /* Newspack */ = {
			isa = PBXNativeTarget;
			buildConfigurationList = E6138FEE2211FE88004E5B91 /* Build configuration list for PBXNativeTarget "Newspack" */;
			buildPhases = (
				F8D50333FAE94DE7AC283F9B /* [CP] Check Pods Manifest.lock */,
				E6138FCA2211FE86004E5B91 /* Sources */,
				E6138FCB2211FE86004E5B91 /* Frameworks */,
				E6138FCC2211FE86004E5B91 /* Resources */,
				57A1A1C3189CD84747189849 /* [CP] Embed Pods Frameworks */,
				255955E8A0A04FB77360458E /* [CP] Copy Pods Resources */,
				E6E1FA692216123600119ECE /* Embed App Extensions */,
				E603CD94222DDD1A005B4127 /* Copy Gutenberg JS */,
			);
			buildRules = (
			);
			dependencies = (
				E6E1FA832216152A00119ECE /* PBXTargetDependency */,
			);
			name = Newspack;
			productName = Newspack;
			productReference = E6138FCE2211FE86004E5B91 /* Newspack.app */;
			productType = "com.apple.product-type.application";
		};
		E6138FE42211FE88004E5B91 /* NewspackTests */ = {
			isa = PBXNativeTarget;
			buildConfigurationList = E6138FF12211FE88004E5B91 /* Build configuration list for PBXNativeTarget "NewspackTests" */;
			buildPhases = (
				52B9566840F303B5DBE2C09A /* [CP] Check Pods Manifest.lock */,
				E6138FE12211FE88004E5B91 /* Sources */,
				E6138FE22211FE88004E5B91 /* Frameworks */,
				E6138FE32211FE88004E5B91 /* Resources */,
				70971321A962064D4E15143F /* [CP] Embed Pods Frameworks */,
			);
			buildRules = (
			);
			dependencies = (
				E6138FE72211FE88004E5B91 /* PBXTargetDependency */,
			);
			name = NewspackTests;
			productName = NewspackTests;
			productReference = E6138FE52211FE88004E5B91 /* NewspackTests.xctest */;
			productType = "com.apple.product-type.bundle.unit-test";
		};
/* End PBXNativeTarget section */

/* Begin PBXProject section */
		E6138FC62211FE86004E5B91 /* Project object */ = {
			isa = PBXProject;
			attributes = {
				LastSwiftUpdateCheck = 1010;
				LastUpgradeCheck = 1010;
				ORGANIZATIONNAME = Automattic;
				TargetAttributes = {
					E6138FCD2211FE86004E5B91 = {
						CreatedOnToolsVersion = 10.1;
					};
					E6138FE42211FE88004E5B91 = {
						CreatedOnToolsVersion = 10.1;
						TestTargetID = E6138FCD2211FE86004E5B91;
					};
					E6E1FA7D2216134300119ECE = {
						CreatedOnToolsVersion = 10.1;
					};
				};
			};
			buildConfigurationList = E6138FC92211FE86004E5B91 /* Build configuration list for PBXProject "Newspack" */;
			compatibilityVersion = "Xcode 9.3";
			developmentRegion = en;
			hasScannedForEncodings = 0;
			knownRegions = (
				en,
				Base,
			);
			mainGroup = E6138FC52211FE86004E5B91;
			productRefGroup = E6138FCF2211FE86004E5B91 /* Products */;
			projectDirPath = "";
			projectRoot = "";
			targets = (
				E6138FCD2211FE86004E5B91 /* Newspack */,
				E6138FE42211FE88004E5B91 /* NewspackTests */,
				E6E1FA7D2216134300119ECE /* GenerateCredentials */,
			);
		};
/* End PBXProject section */

/* Begin PBXResourcesBuildPhase section */
		E6138FCC2211FE86004E5B91 /* Resources */ = {
			isa = PBXResourcesBuildPhase;
			buildActionMask = 2147483647;
			files = (
				E66B7D4822162754004355D3 /* replace_secrets.rb in Resources */,
				E6138FDF2211FE88004E5B91 /* LaunchScreen.storyboard in Resources */,
				E66B7D4622162754004355D3 /* InfoPlist.tpl in Resources */,
				E6138FDC2211FE88004E5B91 /* Assets.xcassets in Resources */,
				E6138FD72211FE86004E5B91 /* Main.storyboard in Resources */,
				E66B7D4522162754004355D3 /* ApiCredentials.tpl in Resources */,
			);
			runOnlyForDeploymentPostprocessing = 0;
		};
		E6138FE32211FE88004E5B91 /* Resources */ = {
			isa = PBXResourcesBuildPhase;
			buildActionMask = 2147483647;
			files = (
				E61FC610229F33C5009E1748 /* remote-user-view.json in Resources */,
				E61FC60E229F3377009E1748 /* remote-user-edit.json in Resources */,
				E61FC60C229F3361009E1748 /* remote-site-settings.json in Resources */,
				E6E1834D22D6D44D009C2D0A /* remote-post-edit.json in Resources */,
				E6B4034D22D8E12500A0DDCA /* remote-posts-ids-edit.json in Resources */,
				E6E1834E22D6D44D009C2D0A /* remote-post-id-edit.json in Resources */,
				E6B4034E22D8E12500A0DDCA /* remote-posts-edit.json in Resources */,
			);
			runOnlyForDeploymentPostprocessing = 0;
		};
/* End PBXResourcesBuildPhase section */

/* Begin PBXShellScriptBuildPhase section */
		255955E8A0A04FB77360458E /* [CP] Copy Pods Resources */ = {
			isa = PBXShellScriptBuildPhase;
			buildActionMask = 2147483647;
			files = (
			);
			inputFileListPaths = (
			);
			inputPaths = (
				"${SRCROOT}/../Pods/Target Support Files/Pods-Newspack/Pods-Newspack-resources.sh",
				"${PODS_ROOT}/GoogleSignIn/Resources/GoogleSignIn.bundle",
				"${PODS_CONFIGURATION_BUILD_DIR}/WordPressAuthenticator/WordPressAuthenticator.bundle",
			);
			name = "[CP] Copy Pods Resources";
			outputFileListPaths = (
			);
			outputPaths = (
				"${TARGET_BUILD_DIR}/${UNLOCALIZED_RESOURCES_FOLDER_PATH}/GoogleSignIn.bundle",
				"${TARGET_BUILD_DIR}/${UNLOCALIZED_RESOURCES_FOLDER_PATH}/WordPressAuthenticator.bundle",
			);
			runOnlyForDeploymentPostprocessing = 0;
			shellPath = /bin/sh;
			shellScript = "\"${SRCROOT}/../Pods/Target Support Files/Pods-Newspack/Pods-Newspack-resources.sh\"\n";
			showEnvVarsInLog = 0;
		};
		52B9566840F303B5DBE2C09A /* [CP] Check Pods Manifest.lock */ = {
			isa = PBXShellScriptBuildPhase;
			buildActionMask = 2147483647;
			files = (
			);
			inputFileListPaths = (
			);
			inputPaths = (
				"${PODS_PODFILE_DIR_PATH}/Podfile.lock",
				"${PODS_ROOT}/Manifest.lock",
			);
			name = "[CP] Check Pods Manifest.lock";
			outputFileListPaths = (
			);
			outputPaths = (
				"$(DERIVED_FILE_DIR)/Pods-NewspackTests-checkManifestLockResult.txt",
			);
			runOnlyForDeploymentPostprocessing = 0;
			shellPath = /bin/sh;
			shellScript = "diff \"${PODS_PODFILE_DIR_PATH}/Podfile.lock\" \"${PODS_ROOT}/Manifest.lock\" > /dev/null\nif [ $? != 0 ] ; then\n    # print error to STDERR\n    echo \"error: The sandbox is not in sync with the Podfile.lock. Run 'pod install' or update your CocoaPods installation.\" >&2\n    exit 1\nfi\n# This output is used by Xcode 'outputs' to avoid re-running this script phase.\necho \"SUCCESS\" > \"${SCRIPT_OUTPUT_FILE_0}\"\n";
			showEnvVarsInLog = 0;
		};
		57A1A1C3189CD84747189849 /* [CP] Embed Pods Frameworks */ = {
			isa = PBXShellScriptBuildPhase;
			buildActionMask = 2147483647;
			files = (
			);
			inputFileListPaths = (
			);
			inputPaths = (
				"${SRCROOT}/../Pods/Target Support Files/Pods-Newspack/Pods-Newspack-frameworks.sh",
				"${BUILT_PRODUCTS_DIR}/1PasswordExtension/OnePasswordExtension.framework",
				"${BUILT_PRODUCTS_DIR}/Alamofire/Alamofire.framework",
				"${BUILT_PRODUCTS_DIR}/CocoaLumberjack/CocoaLumberjack.framework",
				"${BUILT_PRODUCTS_DIR}/DoubleConversion/DoubleConversion.framework",
				"${BUILT_PRODUCTS_DIR}/Folly/folly.framework",
				"${BUILT_PRODUCTS_DIR}/FormatterKit/FormatterKit.framework",
				"${BUILT_PRODUCTS_DIR}/GTMSessionFetcher/GTMSessionFetcher.framework",
				"${BUILT_PRODUCTS_DIR}/GoogleToolboxForMac/GoogleToolboxForMac.framework",
				"${BUILT_PRODUCTS_DIR}/Gridicons/Gridicons.framework",
				"${BUILT_PRODUCTS_DIR}/Gutenberg/Gutenberg.framework",
				"${BUILT_PRODUCTS_DIR}/KeychainAccess/KeychainAccess.framework",
				"${BUILT_PRODUCTS_DIR}/NSObject-SafeExpectations/NSObject_SafeExpectations.framework",
				"${BUILT_PRODUCTS_DIR}/NSURL+IDN/NSURL_IDN.framework",
				"${BUILT_PRODUCTS_DIR}/RNSVG/RNSVG.framework",
				"${BUILT_PRODUCTS_DIR}/RNTAztecView/RNTAztecView.framework",
				"${BUILT_PRODUCTS_DIR}/React/React.framework",
				"${BUILT_PRODUCTS_DIR}/SVProgressHUD/SVProgressHUD.framework",
				"${BUILT_PRODUCTS_DIR}/UIDeviceIdentifier/UIDeviceIdentifier.framework",
				"${BUILT_PRODUCTS_DIR}/WPMediaPicker/WPMediaPicker.framework",
				"${BUILT_PRODUCTS_DIR}/WordPress-Aztec-iOS/Aztec.framework",
				"${BUILT_PRODUCTS_DIR}/WordPressFlux/WordPressFlux.framework",
				"${BUILT_PRODUCTS_DIR}/WordPressKit/WordPressKit.framework",
				"${BUILT_PRODUCTS_DIR}/WordPressShared/WordPressShared.framework",
				"${BUILT_PRODUCTS_DIR}/WordPressUI/WordPressUI.framework",
				"${BUILT_PRODUCTS_DIR}/glog/glog.framework",
				"${BUILT_PRODUCTS_DIR}/lottie-ios/Lottie.framework",
				"${BUILT_PRODUCTS_DIR}/react-native-keyboard-aware-scroll-view/react_native_keyboard_aware_scroll_view.framework",
				"${BUILT_PRODUCTS_DIR}/react-native-safe-area/react_native_safe_area.framework",
				"${BUILT_PRODUCTS_DIR}/wpxmlrpc/wpxmlrpc.framework",
				"${BUILT_PRODUCTS_DIR}/yoga/yoga.framework",
			);
			name = "[CP] Embed Pods Frameworks";
			outputFileListPaths = (
			);
			outputPaths = (
				"${TARGET_BUILD_DIR}/${FRAMEWORKS_FOLDER_PATH}/OnePasswordExtension.framework",
				"${TARGET_BUILD_DIR}/${FRAMEWORKS_FOLDER_PATH}/Alamofire.framework",
				"${TARGET_BUILD_DIR}/${FRAMEWORKS_FOLDER_PATH}/CocoaLumberjack.framework",
				"${TARGET_BUILD_DIR}/${FRAMEWORKS_FOLDER_PATH}/DoubleConversion.framework",
				"${TARGET_BUILD_DIR}/${FRAMEWORKS_FOLDER_PATH}/folly.framework",
				"${TARGET_BUILD_DIR}/${FRAMEWORKS_FOLDER_PATH}/FormatterKit.framework",
				"${TARGET_BUILD_DIR}/${FRAMEWORKS_FOLDER_PATH}/GTMSessionFetcher.framework",
				"${TARGET_BUILD_DIR}/${FRAMEWORKS_FOLDER_PATH}/GoogleToolboxForMac.framework",
				"${TARGET_BUILD_DIR}/${FRAMEWORKS_FOLDER_PATH}/Gridicons.framework",
				"${TARGET_BUILD_DIR}/${FRAMEWORKS_FOLDER_PATH}/Gutenberg.framework",
				"${TARGET_BUILD_DIR}/${FRAMEWORKS_FOLDER_PATH}/KeychainAccess.framework",
				"${TARGET_BUILD_DIR}/${FRAMEWORKS_FOLDER_PATH}/NSObject_SafeExpectations.framework",
				"${TARGET_BUILD_DIR}/${FRAMEWORKS_FOLDER_PATH}/NSURL_IDN.framework",
				"${TARGET_BUILD_DIR}/${FRAMEWORKS_FOLDER_PATH}/RNSVG.framework",
				"${TARGET_BUILD_DIR}/${FRAMEWORKS_FOLDER_PATH}/RNTAztecView.framework",
				"${TARGET_BUILD_DIR}/${FRAMEWORKS_FOLDER_PATH}/React.framework",
				"${TARGET_BUILD_DIR}/${FRAMEWORKS_FOLDER_PATH}/SVProgressHUD.framework",
				"${TARGET_BUILD_DIR}/${FRAMEWORKS_FOLDER_PATH}/UIDeviceIdentifier.framework",
				"${TARGET_BUILD_DIR}/${FRAMEWORKS_FOLDER_PATH}/WPMediaPicker.framework",
				"${TARGET_BUILD_DIR}/${FRAMEWORKS_FOLDER_PATH}/Aztec.framework",
				"${TARGET_BUILD_DIR}/${FRAMEWORKS_FOLDER_PATH}/WordPressFlux.framework",
				"${TARGET_BUILD_DIR}/${FRAMEWORKS_FOLDER_PATH}/WordPressKit.framework",
				"${TARGET_BUILD_DIR}/${FRAMEWORKS_FOLDER_PATH}/WordPressShared.framework",
				"${TARGET_BUILD_DIR}/${FRAMEWORKS_FOLDER_PATH}/WordPressUI.framework",
				"${TARGET_BUILD_DIR}/${FRAMEWORKS_FOLDER_PATH}/glog.framework",
				"${TARGET_BUILD_DIR}/${FRAMEWORKS_FOLDER_PATH}/Lottie.framework",
				"${TARGET_BUILD_DIR}/${FRAMEWORKS_FOLDER_PATH}/react_native_keyboard_aware_scroll_view.framework",
				"${TARGET_BUILD_DIR}/${FRAMEWORKS_FOLDER_PATH}/react_native_safe_area.framework",
				"${TARGET_BUILD_DIR}/${FRAMEWORKS_FOLDER_PATH}/wpxmlrpc.framework",
				"${TARGET_BUILD_DIR}/${FRAMEWORKS_FOLDER_PATH}/yoga.framework",
			);
			runOnlyForDeploymentPostprocessing = 0;
			shellPath = /bin/sh;
			shellScript = "\"${SRCROOT}/../Pods/Target Support Files/Pods-Newspack/Pods-Newspack-frameworks.sh\"\n";
			showEnvVarsInLog = 0;
		};
		70971321A962064D4E15143F /* [CP] Embed Pods Frameworks */ = {
			isa = PBXShellScriptBuildPhase;
			buildActionMask = 2147483647;
			files = (
			);
			inputFileListPaths = (
			);
			inputPaths = (
				"${SRCROOT}/../Pods/Target Support Files/Pods-NewspackTests/Pods-NewspackTests-frameworks.sh",
				"${BUILT_PRODUCTS_DIR}/OHHTTPStubs/OHHTTPStubs.framework",
			);
			name = "[CP] Embed Pods Frameworks";
			outputFileListPaths = (
			);
			outputPaths = (
				"${TARGET_BUILD_DIR}/${FRAMEWORKS_FOLDER_PATH}/OHHTTPStubs.framework",
			);
			runOnlyForDeploymentPostprocessing = 0;
			shellPath = /bin/sh;
			shellScript = "\"${SRCROOT}/../Pods/Target Support Files/Pods-NewspackTests/Pods-NewspackTests-frameworks.sh\"\n";
			showEnvVarsInLog = 0;
		};
		E603CD94222DDD1A005B4127 /* Copy Gutenberg JS */ = {
			isa = PBXShellScriptBuildPhase;
			buildActionMask = 2147483647;
			files = (
			);
			inputFileListPaths = (
			);
			inputPaths = (
			);
			name = "Copy Gutenberg JS";
			outputFileListPaths = (
			);
			outputPaths = (
			);
			runOnlyForDeploymentPostprocessing = 0;
			shellPath = /bin/sh;
			shellScript = "# Print commands before executing them (useful for troubleshooting)\nset -x\nDEST=$CONFIGURATION_BUILD_DIR/$UNLOCALIZED_RESOURCES_FOLDER_PATH\n\nif [[ \"$CONFIGURATION\" = *Debug* && ! \"$PLATFORM_NAME\" == *simulator ]]; then\nIP=$(ipconfig getifaddr en0)\nif [ -z \"$IP\" ]; then\nIP=$(ifconfig | grep 'inet ' | grep -v ' 127.' | cut -d\\   -f2  | awk 'NR==1{print $1}')\nfi\n\necho \"$IP\" > \"$DEST/ip.txt\"\nfi\n\nBUNDLE_FILE=\"$DEST/main.jsbundle\"\ncp ${PODS_ROOT}/Gutenberg/bundle/ios/App.js \"${BUNDLE_FILE}\"\n\n";
		};
		E6E1FA812216134E00119ECE /* ShellScript */ = {
			isa = PBXShellScriptBuildPhase;
			buildActionMask = 2147483647;
			files = (
			);
			inputFileListPaths = (
			);
			inputPaths = (
				"$(SRCROOT)/Credentials/replace_secrets.rb",
			);
			outputFileListPaths = (
			);
			outputPaths = (
				"$(BUILT_PRODUCTS_DIR)/../DerivedSources/ApiCredentials.swift",
				"$(BUILT_PRODUCTS_DIR)/../DerivedSources/InfoPlist.h",
			);
			runOnlyForDeploymentPostprocessing = 0;
			shellPath = /bin/sh;
			shellScript = "$SRCROOT/../Scripts/build-phases/generate-credentials.sh\n";
		};
		F8D50333FAE94DE7AC283F9B /* [CP] Check Pods Manifest.lock */ = {
			isa = PBXShellScriptBuildPhase;
			buildActionMask = 2147483647;
			files = (
			);
			inputFileListPaths = (
			);
			inputPaths = (
				"${PODS_PODFILE_DIR_PATH}/Podfile.lock",
				"${PODS_ROOT}/Manifest.lock",
			);
			name = "[CP] Check Pods Manifest.lock";
			outputFileListPaths = (
			);
			outputPaths = (
				"$(DERIVED_FILE_DIR)/Pods-Newspack-checkManifestLockResult.txt",
			);
			runOnlyForDeploymentPostprocessing = 0;
			shellPath = /bin/sh;
			shellScript = "diff \"${PODS_PODFILE_DIR_PATH}/Podfile.lock\" \"${PODS_ROOT}/Manifest.lock\" > /dev/null\nif [ $? != 0 ] ; then\n    # print error to STDERR\n    echo \"error: The sandbox is not in sync with the Podfile.lock. Run 'pod install' or update your CocoaPods installation.\" >&2\n    exit 1\nfi\n# This output is used by Xcode 'outputs' to avoid re-running this script phase.\necho \"SUCCESS\" > \"${SCRIPT_OUTPUT_FILE_0}\"\n";
			showEnvVarsInLog = 0;
		};
/* End PBXShellScriptBuildPhase section */

/* Begin PBXSourcesBuildPhase section */
		E6138FCA2211FE86004E5B91 /* Sources */ = {
			isa = PBXSourcesBuildPhase;
			buildActionMask = 2147483647;
			files = (
				E6710A1722CE9F040036156E /* FadeTransitionController.swift in Sources */,
				E66E8A1B2235C57800E8DD88 /* Account+CoreDataProperties.swift in Sources */,
				E66E8A1D2235CAC000E8DD88 /* AuthenticationManager.swift in Sources */,
				E6E60A3022CCFCCB0000B6DE /* Revision+CoreDataClass.swift in Sources */,
				E6FB520022B967910010FDF8 /* Dictionary+KeyPath.swift in Sources */,
				E6E60A3222CCFCCB0000B6DE /* Page+CoreDataClass.swift in Sources */,
				E64492922252F3A7003B70DF /* Site+CoreDataProperties.swift in Sources */,
				E602E69422C1669B00795CBA /* AccountCapabilitiesAction.swift in Sources */,
				E6E60A3522CCFCCB0000B6DE /* Status+CoreDataClass.swift in Sources */,
				E6E60A2F22CCFCCB0000B6DE /* Media+CoreDataProperties.swift in Sources */,
				E602E69822C1670800795CBA /* PostAction.swift in Sources */,
				E66E8A1A2235C57800E8DD88 /* Account+CoreDataClass.swift in Sources */,
				E6138FD42211FE86004E5B91 /* InitialViewController.swift in Sources */,
				E6E60A3122CCFCCB0000B6DE /* User+CoreDataClass.swift in Sources */,
				E69E59F922540D0900899DE2 /* SiteServiceRemote.swift in Sources */,
				E6034B1422529414007DB6DD /* UserAgent.swift in Sources */,
				E63CD0AD22A17D7200501C4F /* AccountCapabilities+CoreDataProperties.swift in Sources */,
				E602E69222C1666C00795CBA /* AccountAction.swift in Sources */,
				E6138FDA2211FE86004E5B91 /* Newspack.xcdatamodeld in Sources */,
				E6E60A2D22CCFCCB0000B6DE /* Category+CoreDataClass.swift in Sources */,
				E602E69622C166C700795CBA /* AccountDetailsAction.swift in Sources */,
				E6E60A2722CCFCCB0000B6DE /* Category+CoreDataProperties.swift in Sources */,
				E602E69A22C1676500795CBA /* SiteAction.swift in Sources */,
				E6138FD22211FE86004E5B91 /* AppDelegate.swift in Sources */,
				E64594A122B448C2003BF6C0 /* PostServiceRemote.swift in Sources */,
				E69E59FD22541ABD00899DE2 /* WordPressCoreRestApi.swift in Sources */,
				E602E68322C15EC100795CBA /* RemoteUser.swift in Sources */,
				E6871F1B22C3FDE7008D3D46 /* PostListViewController.swift in Sources */,
				E6E60A2922CCFCCB0000B6DE /* Status+CoreDataProperties.swift in Sources */,
				E62C7C662235E16E000FEB33 /* AccountStore.swift in Sources */,
				E69E59FB22540D5000899DE2 /* ServiceRemoteCoreRest.swift in Sources */,
				E6E60A2C22CCFCCB0000B6DE /* Media+CoreDataClass.swift in Sources */,
				E63CD0AB22A17D7200501C4F /* AccountDetails+CoreDataProperties.swift in Sources */,
				E602E68022C1588600795CBA /* ApiService.swift in Sources */,
				E6E60A2B22CCFCCB0000B6DE /* Tag+CoreDataProperties.swift in Sources */,
				E6F1C52522C2A48600334003 /* ApiAction.swift in Sources */,
				E6FB520322B9715F0010FDF8 /* Post+CoreDataClass.swift in Sources */,
				E602E68522C15ECC00795CBA /* RemoteSiteSettings.swift in Sources */,
				E6A7C06D2257A42400CC2191 /* UserServiceRemote.swift in Sources */,
				E6E60A2E22CCFCCB0000B6DE /* Tag+CoreDataClass.swift in Sources */,
				E67F56D52230914800BFD38B /* CoreDataManager.swift in Sources */,
				E602E69F22C1747D00795CBA /* Dictionary+Unwrappers.swift in Sources */,
				E64492932252F3A7003B70DF /* Site+CoreDataClass.swift in Sources */,
				E63CD0AA22A17D7200501C4F /* AccountDetails+CoreDataClass.swift in Sources */,
				E641A66522A75866008BBD85 /* AccountCapabilitiesStore.swift in Sources */,
				E6FB520422B9715F0010FDF8 /* Post+CoreDataProperties.swift in Sources */,
				E6E60A3422CCFCCB0000B6DE /* User+CoreDataProperties.swift in Sources */,
				E6E60A2622CCFCCB0000B6DE /* Revision+CoreDataProperties.swift in Sources */,
				E602E68D22C1634900795CBA /* SiteApiActions.swift in Sources */,
				E623C6F62220516600F9865C /* ApiCredentials.swift in Sources */,
				E61AE63C2237373E00E6A489 /* StoreContainer.swift in Sources */,
				E602E68722C15ED700795CBA /* RemotePost.swift in Sources */,
				E602E68B22C1632C00795CBA /* UserApiActions.swift in Sources */,
				E602E68F22C1637800795CBA /* PostApiActions.swift in Sources */,
				E641A66322A7584A008BBD85 /* AccountDetailsStore.swift in Sources */,
				E6FB520622B973A60010FDF8 /* PostStore.swift in Sources */,
				E6FB520822B9D2A30010FDF8 /* AccountSetupHelper.swift in Sources */,
				E6871F1922C3FD8A008D3D46 /* SiteMenuViewController.swift in Sources */,
				E6E60A2822CCFCCB0000B6DE /* Page+CoreDataProperties.swift in Sources */,
				E6241B96224EC8CD00B578F5 /* SessionManager.swift in Sources */,
				E641A66122A71A83008BBD85 /* SiteStore.swift in Sources */,
				E63CD0AC22A17D7200501C4F /* AccountCapabilities+CoreDataClass.swift in Sources */,
			);
			runOnlyForDeploymentPostprocessing = 0;
		};
		E6138FE12211FE88004E5B91 /* Sources */ = {
			isa = PBXSourcesBuildPhase;
			buildActionMask = 2147483647;
			files = (
				E62C7C6C2235F061000FEB33 /* AuthenticationManagerTests.swift in Sources */,
				E69EB27E22BAE2E2004A92FA /* CoreRestApiTests.swift in Sources */,
				E6CE56AF22B19001004895E5 /* ModelFactory.swift in Sources */,
				E6E1835022D79473009C2D0A /* RemoteTestCase.swift in Sources */,
				E66E8A05223596FE00E8DD88 /* CoreDataManagerTests.swift in Sources */,
				E66E8A072235979500E8DD88 /* BaseTest.swift in Sources */,
				E607385F22A9A5DB00504EA4 /* AccountCapabilitiesStoreTests.swift in Sources */,
				E61A28CF22D53EFD003E214F /* PostServiceRemoteTests.swift in Sources */,
				E61FC603229F2EEE009E1748 /* UserServiceRemoteTests.swift in Sources */,
				E607385D22A9A5C300504EA4 /* SiteStoreTests.swift in Sources */,
				E61FC605229F2F10009E1748 /* SiteServiceRemoteTests.swift in Sources */,
				E61FC609229F329A009E1748 /* Loader.swift in Sources */,
				E607386122A9A5EF00504EA4 /* AccountDetailsStoreTests.swift in Sources */,
				E62C7C692235E73F000FEB33 /* AccountStoreTests.swift in Sources */,
			);
			runOnlyForDeploymentPostprocessing = 0;
		};
/* End PBXSourcesBuildPhase section */

/* Begin PBXTargetDependency section */
		E6138FE72211FE88004E5B91 /* PBXTargetDependency */ = {
			isa = PBXTargetDependency;
			target = E6138FCD2211FE86004E5B91 /* Newspack */;
			targetProxy = E6138FE62211FE88004E5B91 /* PBXContainerItemProxy */;
		};
		E6E1FA832216152A00119ECE /* PBXTargetDependency */ = {
			isa = PBXTargetDependency;
			target = E6E1FA7D2216134300119ECE /* GenerateCredentials */;
			targetProxy = E6E1FA822216152A00119ECE /* PBXContainerItemProxy */;
		};
/* End PBXTargetDependency section */

/* Begin PBXVariantGroup section */
		E6138FD52211FE86004E5B91 /* Main.storyboard */ = {
			isa = PBXVariantGroup;
			children = (
				E6138FD62211FE86004E5B91 /* Base */,
			);
			name = Main.storyboard;
			sourceTree = "<group>";
		};
		E6138FDD2211FE88004E5B91 /* LaunchScreen.storyboard */ = {
			isa = PBXVariantGroup;
			children = (
				E6138FDE2211FE88004E5B91 /* Base */,
			);
			name = LaunchScreen.storyboard;
			sourceTree = "<group>";
		};
/* End PBXVariantGroup section */

/* Begin XCBuildConfiguration section */
		E6138FEC2211FE88004E5B91 /* Debug */ = {
			isa = XCBuildConfiguration;
			buildSettings = {
				ALWAYS_EMBED_SWIFT_STANDARD_LIBRARIES = NO;
				ALWAYS_SEARCH_USER_PATHS = NO;
				CLANG_ANALYZER_NONNULL = YES;
				CLANG_ANALYZER_NUMBER_OBJECT_CONVERSION = YES_AGGRESSIVE;
				CLANG_CXX_LANGUAGE_STANDARD = "gnu++14";
				CLANG_CXX_LIBRARY = "libc++";
				CLANG_ENABLE_MODULES = YES;
				CLANG_ENABLE_OBJC_ARC = YES;
				CLANG_ENABLE_OBJC_WEAK = YES;
				CLANG_WARN_BLOCK_CAPTURE_AUTORELEASING = YES;
				CLANG_WARN_BOOL_CONVERSION = YES;
				CLANG_WARN_COMMA = YES;
				CLANG_WARN_CONSTANT_CONVERSION = YES;
				CLANG_WARN_DEPRECATED_OBJC_IMPLEMENTATIONS = YES;
				CLANG_WARN_DIRECT_OBJC_ISA_USAGE = YES_ERROR;
				CLANG_WARN_DOCUMENTATION_COMMENTS = YES;
				CLANG_WARN_EMPTY_BODY = YES;
				CLANG_WARN_ENUM_CONVERSION = YES;
				CLANG_WARN_INFINITE_RECURSION = YES;
				CLANG_WARN_INT_CONVERSION = YES;
				CLANG_WARN_NON_LITERAL_NULL_CONVERSION = YES;
				CLANG_WARN_OBJC_IMPLICIT_RETAIN_SELF = YES;
				CLANG_WARN_OBJC_LITERAL_CONVERSION = YES;
				CLANG_WARN_OBJC_ROOT_CLASS = YES_ERROR;
				CLANG_WARN_RANGE_LOOP_ANALYSIS = YES;
				CLANG_WARN_STRICT_PROTOTYPES = YES;
				CLANG_WARN_SUSPICIOUS_MOVE = YES;
				CLANG_WARN_UNGUARDED_AVAILABILITY = YES_AGGRESSIVE;
				CLANG_WARN_UNREACHABLE_CODE = YES;
				CLANG_WARN__DUPLICATE_METHOD_MATCH = YES;
				CODE_SIGN_IDENTITY = "iPhone Developer";
				COPY_PHASE_STRIP = NO;
				DEBUG_INFORMATION_FORMAT = dwarf;
				ENABLE_STRICT_OBJC_MSGSEND = YES;
				ENABLE_TESTABILITY = YES;
				GCC_C_LANGUAGE_STANDARD = gnu11;
				GCC_DYNAMIC_NO_PIC = NO;
				GCC_NO_COMMON_BLOCKS = YES;
				GCC_OPTIMIZATION_LEVEL = 0;
				GCC_PREPROCESSOR_DEFINITIONS = (
					"DEBUG=1",
					"$(inherited)",
				);
				GCC_WARN_64_TO_32_BIT_CONVERSION = YES;
				GCC_WARN_ABOUT_RETURN_TYPE = YES_ERROR;
				GCC_WARN_UNDECLARED_SELECTOR = YES;
				GCC_WARN_UNINITIALIZED_AUTOS = YES_AGGRESSIVE;
				GCC_WARN_UNUSED_FUNCTION = YES;
				GCC_WARN_UNUSED_VARIABLE = YES;
				IPHONEOS_DEPLOYMENT_TARGET = 12.1;
				MTL_ENABLE_DEBUG_INFO = INCLUDE_SOURCE;
				MTL_FAST_MATH = YES;
				ONLY_ACTIVE_ARCH = YES;
				SDKROOT = iphoneos;
				SECRETS_PATH = "$HOME/.mobile-secrets/iOS/newspack/newspack_app_credentials.json";
				SWIFT_ACTIVE_COMPILATION_CONDITIONS = DEBUG;
				SWIFT_OPTIMIZATION_LEVEL = "-Onone";
			};
			name = Debug;
		};
		E6138FED2211FE88004E5B91 /* Release */ = {
			isa = XCBuildConfiguration;
			buildSettings = {
				ALWAYS_EMBED_SWIFT_STANDARD_LIBRARIES = NO;
				ALWAYS_SEARCH_USER_PATHS = NO;
				CLANG_ANALYZER_NONNULL = YES;
				CLANG_ANALYZER_NUMBER_OBJECT_CONVERSION = YES_AGGRESSIVE;
				CLANG_CXX_LANGUAGE_STANDARD = "gnu++14";
				CLANG_CXX_LIBRARY = "libc++";
				CLANG_ENABLE_MODULES = YES;
				CLANG_ENABLE_OBJC_ARC = YES;
				CLANG_ENABLE_OBJC_WEAK = YES;
				CLANG_WARN_BLOCK_CAPTURE_AUTORELEASING = YES;
				CLANG_WARN_BOOL_CONVERSION = YES;
				CLANG_WARN_COMMA = YES;
				CLANG_WARN_CONSTANT_CONVERSION = YES;
				CLANG_WARN_DEPRECATED_OBJC_IMPLEMENTATIONS = YES;
				CLANG_WARN_DIRECT_OBJC_ISA_USAGE = YES_ERROR;
				CLANG_WARN_DOCUMENTATION_COMMENTS = YES;
				CLANG_WARN_EMPTY_BODY = YES;
				CLANG_WARN_ENUM_CONVERSION = YES;
				CLANG_WARN_INFINITE_RECURSION = YES;
				CLANG_WARN_INT_CONVERSION = YES;
				CLANG_WARN_NON_LITERAL_NULL_CONVERSION = YES;
				CLANG_WARN_OBJC_IMPLICIT_RETAIN_SELF = YES;
				CLANG_WARN_OBJC_LITERAL_CONVERSION = YES;
				CLANG_WARN_OBJC_ROOT_CLASS = YES_ERROR;
				CLANG_WARN_RANGE_LOOP_ANALYSIS = YES;
				CLANG_WARN_STRICT_PROTOTYPES = YES;
				CLANG_WARN_SUSPICIOUS_MOVE = YES;
				CLANG_WARN_UNGUARDED_AVAILABILITY = YES_AGGRESSIVE;
				CLANG_WARN_UNREACHABLE_CODE = YES;
				CLANG_WARN__DUPLICATE_METHOD_MATCH = YES;
				CODE_SIGN_IDENTITY = "iPhone Developer";
				COPY_PHASE_STRIP = NO;
				DEBUG_INFORMATION_FORMAT = "dwarf-with-dsym";
				ENABLE_NS_ASSERTIONS = NO;
				ENABLE_STRICT_OBJC_MSGSEND = YES;
				GCC_C_LANGUAGE_STANDARD = gnu11;
				GCC_NO_COMMON_BLOCKS = YES;
				GCC_WARN_64_TO_32_BIT_CONVERSION = YES;
				GCC_WARN_ABOUT_RETURN_TYPE = YES_ERROR;
				GCC_WARN_UNDECLARED_SELECTOR = YES;
				GCC_WARN_UNINITIALIZED_AUTOS = YES_AGGRESSIVE;
				GCC_WARN_UNUSED_FUNCTION = YES;
				GCC_WARN_UNUSED_VARIABLE = YES;
				IPHONEOS_DEPLOYMENT_TARGET = 12.1;
				MTL_ENABLE_DEBUG_INFO = NO;
				MTL_FAST_MATH = YES;
				SDKROOT = iphoneos;
				SECRETS_PATH = "$HOME/.mobile-secrets/iOS/newspack/newspack_app_credentials.json";
				SWIFT_COMPILATION_MODE = wholemodule;
				SWIFT_OPTIMIZATION_LEVEL = "-O";
				VALIDATE_PRODUCT = YES;
			};
			name = Release;
		};
		E6138FEF2211FE88004E5B91 /* Debug */ = {
			isa = XCBuildConfiguration;
			baseConfigurationReference = C3C6109B65774AD2159D9E5E /* Pods-Newspack.debug.xcconfig */;
			buildSettings = {
				ALWAYS_EMBED_SWIFT_STANDARD_LIBRARIES = "$(inherited)";
				ASSETCATALOG_COMPILER_APPICON_NAME = AppIcon;
				CODE_SIGN_STYLE = Automatic;
				DEVELOPMENT_TEAM = PZYM8XX95Q;
				INFOPLIST_FILE = "$(SRCROOT)/Newspack/Resources/Info.plist";
				LD_RUNPATH_SEARCH_PATHS = (
					"$(inherited)",
					"@executable_path/Frameworks",
				);
				PRODUCT_BUNDLE_IDENTIFIER = com.automattic.Newspack;
				PRODUCT_NAME = "$(TARGET_NAME)";
				SWIFT_VERSION = 4.2;
				TARGETED_DEVICE_FAMILY = "1,2";
			};
			name = Debug;
		};
		E6138FF02211FE88004E5B91 /* Release */ = {
			isa = XCBuildConfiguration;
			baseConfigurationReference = DFC0543D82050B0CDC7390DB /* Pods-Newspack.release.xcconfig */;
			buildSettings = {
				ALWAYS_EMBED_SWIFT_STANDARD_LIBRARIES = "$(inherited)";
				ASSETCATALOG_COMPILER_APPICON_NAME = AppIcon;
				CODE_SIGN_STYLE = Automatic;
				DEVELOPMENT_TEAM = PZYM8XX95Q;
				INFOPLIST_FILE = "$(SRCROOT)/Newspack/Resources/Info.plist";
				LD_RUNPATH_SEARCH_PATHS = (
					"$(inherited)",
					"@executable_path/Frameworks",
				);
				PRODUCT_BUNDLE_IDENTIFIER = com.automattic.Newspack;
				PRODUCT_NAME = "$(TARGET_NAME)";
				SWIFT_VERSION = 4.2;
				TARGETED_DEVICE_FAMILY = "1,2";
			};
			name = Release;
		};
		E6138FF22211FE88004E5B91 /* Debug */ = {
			isa = XCBuildConfiguration;
			baseConfigurationReference = EDB5819DB11C68775E987AB2 /* Pods-NewspackTests.debug.xcconfig */;
			buildSettings = {
				ALWAYS_EMBED_SWIFT_STANDARD_LIBRARIES = "$(inherited)";
				BUNDLE_LOADER = "$(TEST_HOST)";
				CODE_SIGN_STYLE = Automatic;
				DEVELOPMENT_TEAM = PZYM8XX95Q;
				HEADER_SEARCH_PATHS = "$(inherited)";
				INFOPLIST_FILE = NewspackTests/Info.plist;
				LD_RUNPATH_SEARCH_PATHS = (
					"$(inherited)",
					"@executable_path/Frameworks",
					"@loader_path/Frameworks",
				);
				PRODUCT_BUNDLE_IDENTIFIER = com.automattic.NewspackTests;
				PRODUCT_NAME = "$(TARGET_NAME)";
				SWIFT_VERSION = 4.2;
				TARGETED_DEVICE_FAMILY = "1,2";
				TEST_HOST = "$(BUILT_PRODUCTS_DIR)/Newspack.app/Newspack";
			};
			name = Debug;
		};
		E6138FF32211FE88004E5B91 /* Release */ = {
			isa = XCBuildConfiguration;
			baseConfigurationReference = D3966851BD08B54434F91358 /* Pods-NewspackTests.release.xcconfig */;
			buildSettings = {
				ALWAYS_EMBED_SWIFT_STANDARD_LIBRARIES = "$(inherited)";
				BUNDLE_LOADER = "$(TEST_HOST)";
				CODE_SIGN_STYLE = Automatic;
				DEVELOPMENT_TEAM = PZYM8XX95Q;
				HEADER_SEARCH_PATHS = "$(inherited)";
				INFOPLIST_FILE = NewspackTests/Info.plist;
				LD_RUNPATH_SEARCH_PATHS = (
					"$(inherited)",
					"@executable_path/Frameworks",
					"@loader_path/Frameworks",
				);
				PRODUCT_BUNDLE_IDENTIFIER = com.automattic.NewspackTests;
				PRODUCT_NAME = "$(TARGET_NAME)";
				SWIFT_VERSION = 4.2;
				TARGETED_DEVICE_FAMILY = "1,2";
				TEST_HOST = "$(BUILT_PRODUCTS_DIR)/Newspack.app/Newspack";
			};
			name = Release;
		};
		E6E1FA7F2216134300119ECE /* Debug */ = {
			isa = XCBuildConfiguration;
			buildSettings = {
				CODE_SIGN_STYLE = Automatic;
				DEVELOPMENT_TEAM = PZYM8XX95Q;
				PRODUCT_NAME = "$(TARGET_NAME)";
			};
			name = Debug;
		};
		E6E1FA802216134300119ECE /* Release */ = {
			isa = XCBuildConfiguration;
			buildSettings = {
				CODE_SIGN_STYLE = Automatic;
				DEVELOPMENT_TEAM = PZYM8XX95Q;
				PRODUCT_NAME = "$(TARGET_NAME)";
			};
			name = Release;
		};
/* End XCBuildConfiguration section */

/* Begin XCConfigurationList section */
		E6138FC92211FE86004E5B91 /* Build configuration list for PBXProject "Newspack" */ = {
			isa = XCConfigurationList;
			buildConfigurations = (
				E6138FEC2211FE88004E5B91 /* Debug */,
				E6138FED2211FE88004E5B91 /* Release */,
			);
			defaultConfigurationIsVisible = 0;
			defaultConfigurationName = Release;
		};
		E6138FEE2211FE88004E5B91 /* Build configuration list for PBXNativeTarget "Newspack" */ = {
			isa = XCConfigurationList;
			buildConfigurations = (
				E6138FEF2211FE88004E5B91 /* Debug */,
				E6138FF02211FE88004E5B91 /* Release */,
			);
			defaultConfigurationIsVisible = 0;
			defaultConfigurationName = Release;
		};
		E6138FF12211FE88004E5B91 /* Build configuration list for PBXNativeTarget "NewspackTests" */ = {
			isa = XCConfigurationList;
			buildConfigurations = (
				E6138FF22211FE88004E5B91 /* Debug */,
				E6138FF32211FE88004E5B91 /* Release */,
			);
			defaultConfigurationIsVisible = 0;
			defaultConfigurationName = Release;
		};
		E6E1FA7E2216134300119ECE /* Build configuration list for PBXAggregateTarget "GenerateCredentials" */ = {
			isa = XCConfigurationList;
			buildConfigurations = (
				E6E1FA7F2216134300119ECE /* Debug */,
				E6E1FA802216134300119ECE /* Release */,
			);
			defaultConfigurationIsVisible = 0;
			defaultConfigurationName = Release;
		};
/* End XCConfigurationList section */

/* Begin XCVersionGroup section */
		E6138FD82211FE86004E5B91 /* Newspack.xcdatamodeld */ = {
			isa = XCVersionGroup;
			children = (
				E6138FD92211FE86004E5B91 /* Newspack.xcdatamodel */,
			);
			currentVersion = E6138FD92211FE86004E5B91 /* Newspack.xcdatamodel */;
			path = Newspack.xcdatamodeld;
			sourceTree = "<group>";
			versionGroupType = wrapper.xcdatamodel;
		};
/* End XCVersionGroup section */
	};
	rootObject = E6138FC62211FE86004E5B91 /* Project object */;
}
